// !$*UTF8*$!
{
	archiveVersion = 1;
	classes = {
	};
	objectVersion = 46;
	objects = {

/* Begin PBXBuildFile section */
		0104CB3C09CBD599BEB7DEC6 /* StatisticsView.swift in Sources */ = {isa = PBXBuildFile; fileRef = 2B21786BEA9D7B7010557B66 /* StatisticsView.swift */; };
		04FC1499563411F0B16E2085 /* AppTheme.swift in Sources */ = {isa = PBXBuildFile; fileRef = 805B760E194AF480BCB2D8C8 /* AppTheme.swift */; };
		05D02446BB4344567F835A5F /* SwiftDataLocalDataSource.swift in Sources */ = {isa = PBXBuildFile; fileRef = 358359E6D37A2A4A0A935BB7 /* SwiftDataLocalDataSource.swift */; };
		06CD6C858BD67946A18FF5EA /* Assets.xcassets in Resources */ = {isa = PBXBuildFile; fileRef = 6569478F1C6F393FA78158F2 /* Assets.xcassets */; };
		07D4DD8023BB39658CFABE0A /* AmountTextField.swift in Sources */ = {isa = PBXBuildFile; fileRef = EF05030C69C481F5779E833C /* AmountTextField.swift */; };
		0ED3529C26C7C33949AC9FC8 /* CategoryMapper.swift in Sources */ = {isa = PBXBuildFile; fileRef = 5274304AE9C110DAE7AA2A19 /* CategoryMapper.swift */; };
		0FEDD7BE38621E672908AB5D /* DailySpendingChart.swift in Sources */ = {isa = PBXBuildFile; fileRef = 5E9F3BD163BD495788708A68 /* DailySpendingChart.swift */; };
		112FC62A26835380BE7A1731 /* TransactionSort.swift in Sources */ = {isa = PBXBuildFile; fileRef = 7D23E34FBC5019D55E6090DC /* TransactionSort.swift */; };
		1244850372653F1AEC999041 /* ViewModelFactory.swift in Sources */ = {isa = PBXBuildFile; fileRef = 0E13B40BFFD4FB39611AF278 /* ViewModelFactory.swift */; };
		12CED9E40BD86DB06E7847E7 /* TransactionDaySection.swift in Sources */ = {isa = PBXBuildFile; fileRef = 053019B230DEBB062DDC7F40 /* TransactionDaySection.swift */; };
		1321C3AF116F25DC9C8F30CB /* AccountMapper.swift in Sources */ = {isa = PBXBuildFile; fileRef = E7A6953CFEC3C2A46A7E297D /* AccountMapper.swift */; };
		14F0916B41785BBA58A272AC /* AppTypography.swift in Sources */ = {isa = PBXBuildFile; fileRef = FC34067906EB5885C698A9DE /* AppTypography.swift */; };
		150C446B81AC864EFDF83919 /* PersistenceErrorMapper.swift in Sources */ = {isa = PBXBuildFile; fileRef = 3481F4F47C6168F6BEF92712 /* PersistenceErrorMapper.swift */; };
		15D299819A373C6E22A6D108 /* DailySpending.swift in Sources */ = {isa = PBXBuildFile; fileRef = FDDB947C4AF645A89CEF60A2 /* DailySpending.swift */; };
		15F63F2A236A010FF216E760 /* BudgetFormViewModel.swift in Sources */ = {isa = PBXBuildFile; fileRef = 066C91F5B3F25557EB2EF37B /* BudgetFormViewModel.swift */; };
		17A05A5B45EE97373EBE77FE /* AccountUseCases.swift in Sources */ = {isa = PBXBuildFile; fileRef = C9FF563225A3C2F6712684D0 /* AccountUseCases.swift */; };
		18A8D500826CFBF930626AA2 /* TransactionMapper.swift in Sources */ = {isa = PBXBuildFile; fileRef = 6ABE6A529F7ADC75A119F69A /* TransactionMapper.swift */; };
		1EC0CE6328DC7846FEF4EEAE /* MonthlyCashFlowCalendar.swift in Sources */ = {isa = PBXBuildFile; fileRef = 4100E04EBAE8930887A2B4E2 /* MonthlyCashFlowCalendar.swift */; };
		1FDEFB1615546BBED50AE3AD /* DashboardRepository.swift in Sources */ = {isa = PBXBuildFile; fileRef = 9393A6848AA6C5D4EB64701C /* DashboardRepository.swift */; };
		213B62C71225603EE72193ED /* Foundation.framework in Frameworks */ = {isa = PBXBuildFile; fileRef = 39611BC412FC6D5AA97F8165 /* Foundation.framework */; };
		217A0E98B2595CE8BC258724 /* CategoryEntity.swift in Sources */ = {isa = PBXBuildFile; fileRef = 285735CFD375B6E3084FBB3F /* CategoryEntity.swift */; };
		2241D1AEEB9F88BC4B4CD520 /* AppMetricCard.swift in Sources */ = {isa = PBXBuildFile; fileRef = BD5D8A0B5028FA23A29DF88A /* AppMetricCard.swift */; };
		2513910FE6ECF1EA0913A5FB /* CategoryRepository.swift in Sources */ = {isa = PBXBuildFile; fileRef = 6093D8ECB4338B0799CFD8DE /* CategoryRepository.swift */; };
		2DB6E5AFFAA2903E3D77023F /* BudgetsViewModel.swift in Sources */ = {isa = PBXBuildFile; fileRef = C10C0E68788B18B9C11EA76A /* BudgetsViewModel.swift */; };
		2E3A2508B0162B9EABF78F52 /* SettingsView.swift in Sources */ = {isa = PBXBuildFile; fileRef = 80F4B1374626D6386A2391CC /* SettingsView.swift */; };
		2F6DE9988154878BEDC12C86 /* BudgetUseCases.swift in Sources */ = {isa = PBXBuildFile; fileRef = 9272AB3F1E52923B72777FE4 /* BudgetUseCases.swift */; };
		2FC227E2CB9F408FAA44C9C8 /* DashboardRecentCard.swift in Sources */ = {isa = PBXBuildFile; fileRef = 0076342B7C5DC328777089F6 /* DashboardRecentCard.swift */; };
		3250334DB201F3018FC43B9D /* DomainError.swift in Sources */ = {isa = PBXBuildFile; fileRef = 8926E67151E1780842323D89 /* DomainError.swift */; };
		35454673FBFCCCC0B310C522 /* CategoryLocalDataSource.swift in Sources */ = {isa = PBXBuildFile; fileRef = 5E8FA19DDDA46C056013856F /* CategoryLocalDataSource.swift */; };
		35841DBA8796A969239521DA /* BudgetsView.swift in Sources */ = {isa = PBXBuildFile; fileRef = 1056144112BE150DF796979E /* BudgetsView.swift */; };
		36DD9839B31E31173AF978DF /* AppSectionHeader.swift in Sources */ = {isa = PBXBuildFile; fileRef = 8470413388D790474B8EF006 /* AppSectionHeader.swift */; };
		3A1CFE35BBB48DB398F9A276 /* RemoteCategoryRepository.swift in Sources */ = {isa = PBXBuildFile; fileRef = 95D8C5B360770C695A9CBDE1 /* RemoteCategoryRepository.swift */; };
		3AC0A7928B18ED59ABAC6659 /* BudgetProgress.swift in Sources */ = {isa = PBXBuildFile; fileRef = 2CD823070E005CBC21AE48D3 /* BudgetProgress.swift */; };
		3CDBCC95A0C594FFD1C8D5CA /* TransactionFormViewModel.swift in Sources */ = {isa = PBXBuildFile; fileRef = DEC55993D07C93DA8E940E5B /* TransactionFormViewModel.swift */; };
		3E5DC4D9CF64BEC38BDB1989 /* ViewModelTests.swift in Sources */ = {isa = PBXBuildFile; fileRef = F11467B2764D55C3305D33C3 /* ViewModelTests.swift */; };
		3F8C0B4F297A3C672EEC9DDC /* TransactionType+Presentation.swift in Sources */ = {isa = PBXBuildFile; fileRef = A40A12BAA6DB75482A08AF46 /* TransactionType+Presentation.swift */; };
		4246A0989F9FF385101F6D12 /* APIClient.swift in Sources */ = {isa = PBXBuildFile; fileRef = 843D174E25739ADC6DF220BF /* APIClient.swift */; };
		4573BC0E357FE922A3840EC0 /* APIModels.swift in Sources */ = {isa = PBXBuildFile; fileRef = 363CD32A2275F7D415C6139E /* APIModels.swift */; };
		476E601FEA755ED150B4A1B7 /* TransactionUseCases.swift in Sources */ = {isa = PBXBuildFile; fileRef = B4F50BACDB35FDA385131885 /* TransactionUseCases.swift */; };
		4937E0FD1AAF681B8EE6F827 /* RemoteAccountRepository.swift in Sources */ = {isa = PBXBuildFile; fileRef = 26908023C2EFC125A1FFBE01 /* RemoteAccountRepository.swift */; };
		4C820B2D408BE63C6FEA8109 /* RootView.swift in Sources */ = {isa = PBXBuildFile; fileRef = A6B24B03572821BB957D36A0 /* RootView.swift */; };
		4D40150057EBCC623345F816 /* Decimal+Double.swift in Sources */ = {isa = PBXBuildFile; fileRef = 9587FCBD352BE29C01807D48 /* Decimal+Double.swift */; };
		4F4533CD9B843260D31702A5 /* AccountsView.swift in Sources */ = {isa = PBXBuildFile; fileRef = 91BD5451114BBCC068D5F65E /* AccountsView.swift */; };
		53119416BFE2D3DF150CF3A4 /* CategoryFormViewModel.swift in Sources */ = {isa = PBXBuildFile; fileRef = 0009AFECE7A6FF8DCE35FCED /* CategoryFormViewModel.swift */; };
		566774E60D0656B0A4351776 /* MonthSelector.swift in Sources */ = {isa = PBXBuildFile; fileRef = EF13B0371D36283ABC45BE80 /* MonthSelector.swift */; };
		5932D1880085463293CFE6BF /* RemoteDateParser.swift in Sources */ = {isa = PBXBuildFile; fileRef = 25393E75F97F78217DC000EE /* RemoteDateParser.swift */; };
		598D2EA4C1C580FC926CE137 /* EmptyStateView.swift in Sources */ = {isa = PBXBuildFile; fileRef = 34E14A0BDEB14A07545D8BEA /* EmptyStateView.swift */; };
		5BBC21B33DFD94D88FB05A6E /* RemoteErrorMapper.swift in Sources */ = {isa = PBXBuildFile; fileRef = 29879D55F258EAF1928090FC /* RemoteErrorMapper.swift */; };
		5E34DAB53E85CEBA30FAF041 /* View+AppStyle.swift in Sources */ = {isa = PBXBuildFile; fileRef = 032197EBD5999818EA33CC60 /* View+AppStyle.swift */; };
		5F163C5B5EFDCC03CE50BBCC /* AccountEntity.swift in Sources */ = {isa = PBXBuildFile; fileRef = 480F205D26F097916F742624 /* AccountEntity.swift */; };
		60F64C150A3066FBDBD1B9C2 /* DashboardSectionCard.swift in Sources */ = {isa = PBXBuildFile; fileRef = 764D76DB671DDC589ECBBA68 /* DashboardSectionCard.swift */; };
		618D7D6ADDA9F414619B0574 /* Foundation.framework in Frameworks */ = {isa = PBXBuildFile; fileRef = 39611BC412FC6D5AA97F8165 /* Foundation.framework */; };
		61B27157D55569B9D6CE748C /* Date+Month.swift in Sources */ = {isa = PBXBuildFile; fileRef = 2430D0C60BE25AAD120544E3 /* Date+Month.swift */; };
		64935D9DC37838EA3996FDD0 /* Error+UserMessage.swift in Sources */ = {isa = PBXBuildFile; fileRef = DF9675C3B3DAC36ADAA34303 /* Error+UserMessage.swift */; };
		652F0D438A7BE4E2D40312D8 /* StatisticsSummaryView.swift in Sources */ = {isa = PBXBuildFile; fileRef = 45C017219764B34EE7D30AAD /* StatisticsSummaryView.swift */; };
		65ED97A9D0C345C69F1C6794 /* AuthUseCases.swift in Sources */ = {isa = PBXBuildFile; fileRef = C8A77033FFCDB3C40F3163A7 /* AuthUseCases.swift */; };
		66356907EAB5D605A1BD56F6 /* StatisticsViewModel.swift in Sources */ = {isa = PBXBuildFile; fileRef = 579F249EBD3AF4DC3C857F95 /* StatisticsViewModel.swift */; };
		669B9CC535D3A1CB48BB9975 /* CategoriesViewModel.swift in Sources */ = {isa = PBXBuildFile; fileRef = 02E41169FC8E5BFC6BCFEA67 /* CategoriesViewModel.swift */; };
		6896E7CE723135EC213BE38A /* ExpenseCategory.swift in Sources */ = {isa = PBXBuildFile; fileRef = 11C57F60CBF6B075C23E8B9F /* ExpenseCategory.swift */; };
		697896F4512C16503418677A /* View+FormToolbar.swift in Sources */ = {isa = PBXBuildFile; fileRef = 1A79F44E7B13C69B0B50C8D0 /* View+FormToolbar.swift */; };
		6A27ACA9C8FF217AB4A6F00B /* TransactionListViewModel.swift in Sources */ = {isa = PBXBuildFile; fileRef = 292AD61889A1EDB5A9E37C9A /* TransactionListViewModel.swift */; };
		6D32CEE509F3D39C174D88F4 /* DashboardViewModel.swift in Sources */ = {isa = PBXBuildFile; fileRef = 384FB8E6BC8AEAC436E43E33 /* DashboardViewModel.swift */; };
		6F40AC1F623951F0931DADA9 /* TransactionRepositoryImpl.swift in Sources */ = {isa = PBXBuildFile; fileRef = 5C96699316632B28FA3D0BED /* TransactionRepositoryImpl.swift */; };
		72765DF7B80847C071C32CD4 /* DomainUseCaseTests.swift in Sources */ = {isa = PBXBuildFile; fileRef = B73FC279705E0FDC68B30739 /* DomainUseCaseTests.swift */; };
		7538ECFBDA866E89F20EC984 /* AuthUser.swift in Sources */ = {isa = PBXBuildFile; fileRef = B8069246D123D29E49EC9FDB /* AuthUser.swift */; };
		7AD6F384D231A9983A30ABB0 /* AccountRepository.swift in Sources */ = {isa = PBXBuildFile; fileRef = 11D9217925B14413C4A6C333 /* AccountRepository.swift */; };
		7DBC02F7A43C1FCEA1292566 /* AppContainer+ViewModelFactory.swift in Sources */ = {isa = PBXBuildFile; fileRef = FD38DB433CEBCB7F40D62604 /* AppContainer+ViewModelFactory.swift */; };
		7EB8D443890F4C1B3A6FDCBF /* AccountFormView.swift in Sources */ = {isa = PBXBuildFile; fileRef = 5EF17F32FE84F8FB93D851AF /* AccountFormView.swift */; };
		811E257EC5CED61785C44709 /* BudgetRepositoryImpl.swift in Sources */ = {isa = PBXBuildFile; fileRef = FB6AF550A348DABD5781E4E5 /* BudgetRepositoryImpl.swift */; };
		83315785E5D74FEA52385766 /* AccountsViewModel.swift in Sources */ = {isa = PBXBuildFile; fileRef = 74C596E3924E5543EAF8F99A /* AccountsViewModel.swift */; };
		83D4570B358A07B2638C4606 /* RemoteTransactionRepository.swift in Sources */ = {isa = PBXBuildFile; fileRef = E5D6736E3CAA5BB0A3C2552C /* RemoteTransactionRepository.swift */; };
		840CE9EEF8068ED3225E8D7E /* BudgetRepository.swift in Sources */ = {isa = PBXBuildFile; fileRef = C2E7C7798FD09EE2AD324321 /* BudgetRepository.swift */; };
		84161B8896ED2AE80C5D04D2 /* TransactionRepository.swift in Sources */ = {isa = PBXBuildFile; fileRef = 0A3C12C0C31376971F632D6D /* TransactionRepository.swift */; };
		853FAC7E5BA4CA7A251E08A8 /* BudgetFormView.swift in Sources */ = {isa = PBXBuildFile; fileRef = 0C7810141BF19F863E551B46 /* BudgetFormView.swift */; };
		85E390B88BD919B267DD296F /* DashboardCompactEmptyState.swift in Sources */ = {isa = PBXBuildFile; fileRef = D089AD88ED679C1153E81FFF /* DashboardCompactEmptyState.swift */; };
		8AA0E1897E410205F6E24ED5 /* AppMetrics.swift in Sources */ = {isa = PBXBuildFile; fileRef = DCAFF2977E64AFBB00A412D3 /* AppMetrics.swift */; };
		8AACE709A90BB7A523D6321D /* TransactionRow.swift in Sources */ = {isa = PBXBuildFile; fileRef = 4FB42383F89E986813AB05A2 /* TransactionRow.swift */; };
		8BB035D236B17367B143F771 /* BudgetRow.swift in Sources */ = {isa = PBXBuildFile; fileRef = D283EE633E85D0C8292B78E1 /* BudgetRow.swift */; };
		91D39879F98EB92E5B44C15C /* Sequence+Identifiable.swift in Sources */ = {isa = PBXBuildFile; fileRef = 08D9438A65A0C6C356AE8A4F /* Sequence+Identifiable.swift */; };
		924770CB6DC6BC463278B2E6 /* AuthRepositoryImpl.swift in Sources */ = {isa = PBXBuildFile; fileRef = C50DE0013DC2CE76485B204D /* AuthRepositoryImpl.swift */; };
		96E273E2F75232150B48CEFB /* CategoriesView.swift in Sources */ = {isa = PBXBuildFile; fileRef = 35E42F953C90EB024BC376FD /* CategoriesView.swift */; };
		98C619BE096FAB801F0F1199 /* AppIconBadge.swift in Sources */ = {isa = PBXBuildFile; fileRef = C93D6D7321078B9A4799600E /* AppIconBadge.swift */; };
		9A44848DE66C31AE960DBBE4 /* TransactionLocalDataSource.swift in Sources */ = {isa = PBXBuildFile; fileRef = 2053E03F9FDA4838657E0F52 /* TransactionLocalDataSource.swift */; };
		A181A3C9B6101E76CEF76946 /* MonthlySummary.swift in Sources */ = {isa = PBXBuildFile; fileRef = DFD74FF23F6251703BC33ACD /* MonthlySummary.swift */; };
		A6FCF1122C88D230EBCA74E5 /* RemoteMetadataStore.swift in Sources */ = {isa = PBXBuildFile; fileRef = B757956E06393E2A1EAB540A /* RemoteMetadataStore.swift */; };
		A7D4DC75D5CAF045E5A55ABD /* TransactionListView.swift in Sources */ = {isa = PBXBuildFile; fileRef = 2A2574498BF0372F1FF05294 /* TransactionListView.swift */; };
		A8D98209B2496EEEC0302AC4 /* BudgetLocalDataSource.swift in Sources */ = {isa = PBXBuildFile; fileRef = 2EC7EAED6E4F92895F48F08B /* BudgetLocalDataSource.swift */; };
		A9E29800A2F3912F5517A665 /* BudgetEntity.swift in Sources */ = {isa = PBXBuildFile; fileRef = 6FCB1AF62006113A1725B6BE /* BudgetEntity.swift */; };
		B115A572D423F60C845A0541 /* DashboardView.swift in Sources */ = {isa = PBXBuildFile; fileRef = 60151A4303B522769166F9EB /* DashboardView.swift */; };
		B37F3CAFCB76FBE8F44376E2 /* View+ErrorAlert.swift in Sources */ = {isa = PBXBuildFile; fileRef = 81B63276FE11FF73A653620D /* View+ErrorAlert.swift */; };
		B55AA9B8A60988F6A72B8B86 /* SessionViewModel.swift in Sources */ = {isa = PBXBuildFile; fileRef = 6193E79FC98837ECD73CAF88 /* SessionViewModel.swift */; };
		B90D59310791CC1956180829 /* CategoryUseCases.swift in Sources */ = {isa = PBXBuildFile; fileRef = B102690386EE3015C00379FB /* CategoryUseCases.swift */; };
		B9CE2BBB926B69A96DD4E716 /* TokenStore.swift in Sources */ = {isa = PBXBuildFile; fileRef = 362F01A5D760F303DA7F9906 /* TokenStore.swift */; };
		BE9D7AE51CA1E244AC88807A /* AccountRepositoryImpl.swift in Sources */ = {isa = PBXBuildFile; fileRef = 6C565FAE07B313FC8EA20849 /* AccountRepositoryImpl.swift */; };
		C1CD82AF971A59D965768536 /* AccountLocalDataSource.swift in Sources */ = {isa = PBXBuildFile; fileRef = A95C9C866750A16BB1EED79E /* AccountLocalDataSource.swift */; };
		C4268BE092B997F18FD7ED82 /* AppContainer.swift in Sources */ = {isa = PBXBuildFile; fileRef = E51F6A4C7DA9AF02A2475BC7 /* AppContainer.swift */; };
		C44A8CAFF019CA23DF756B1F /* ExpenseTrackerApp.swift in Sources */ = {isa = PBXBuildFile; fileRef = 94E60542925397FF1D943D83 /* ExpenseTrackerApp.swift */; };
		C4E47A833F98010F30651958 /* PersistenceTests.swift in Sources */ = {isa = PBXBuildFile; fileRef = BCEC5C668C83827A4DF72D22 /* PersistenceTests.swift */; };
		C778B63661C7F46469C5F156 /* ExpenseTransaction.swift in Sources */ = {isa = PBXBuildFile; fileRef = B7D34C884FD966787500B1F3 /* ExpenseTransaction.swift */; };
		CBB2BD5488CC67DAFCDBDCD6 /* SettingsRow.swift in Sources */ = {isa = PBXBuildFile; fileRef = B6F43E0A195C33E20AB6E19D /* SettingsRow.swift */; };
		CD5076CAF3F7BCE20A6CCF10 /* RemoteDashboardRepository.swift in Sources */ = {isa = PBXBuildFile; fileRef = DEF9064BD3ADF3B2A19A2BDB /* RemoteDashboardRepository.swift */; };
		CD8AA6AB937D62E68BDB741E /* DashboardBalanceCard.swift in Sources */ = {isa = PBXBuildFile; fileRef = 926469357570648F895A6315 /* DashboardBalanceCard.swift */; };
		CD989F1108D543A93677B4A4 /* ExpenseCategory+Presentation.swift in Sources */ = {isa = PBXBuildFile; fileRef = 809C8617095C837BD058B8E5 /* ExpenseCategory+Presentation.swift */; };
		CDC89EE7E8B40BC4D304CD41 /* DashboardSummary.swift in Sources */ = {isa = PBXBuildFile; fileRef = F05833899F78E25F0C9CBAA9 /* DashboardSummary.swift */; };
		CE57E2D46B2669E5CEA0C8D4 /* CategorySpending.swift in Sources */ = {isa = PBXBuildFile; fileRef = ABEE313255EABB8CEB8EB064 /* CategorySpending.swift */; };
		CF7F28118731E0877D3E2FEE /* TransactionFormView.swift in Sources */ = {isa = PBXBuildFile; fileRef = 24143118144FA58DDACD2AC8 /* TransactionFormView.swift */; };
		D002E7B7B3C7FBABA6651871 /* AuthRepository.swift in Sources */ = {isa = PBXBuildFile; fileRef = 363B79904C70CFF04951CE9C /* AuthRepository.swift */; };
		D13B9D9B61A7B7F98D818FA1 /* TransactionType.swift in Sources */ = {isa = PBXBuildFile; fileRef = 3C5B1D5DB7EC6E7C06902556 /* TransactionType.swift */; };
		D16DF7B6004C33075D843AB8 /* Account.swift in Sources */ = {isa = PBXBuildFile; fileRef = 274844FFAA70C153FB93FA1D /* Account.swift */; };
		D37E13C20B4B40B714563E83 /* AppFormatters.swift in Sources */ = {isa = PBXBuildFile; fileRef = 173E982E7B224325322512B2 /* AppFormatters.swift */; };
		D56AA754ED5A523F7481B8CD /* CategoryRepositoryImpl.swift in Sources */ = {isa = PBXBuildFile; fileRef = B2FF750E0E091824C68F601C /* CategoryRepositoryImpl.swift */; };
		D5D847B2B2F86196F2AEF205 /* AccountFormViewModel.swift in Sources */ = {isa = PBXBuildFile; fileRef = 42094F428A1D1206F9A12823 /* AccountFormViewModel.swift */; };
		DBD1284B30F81CEFD3F0D66B /* TransactionDayGroup.swift in Sources */ = {isa = PBXBuildFile; fileRef = DDD0DCC58FC534AF060FD1A0 /* TransactionDayGroup.swift */; };
		DF5812FAC799858048E17A7E /* StatisticsUseCases.swift in Sources */ = {isa = PBXBuildFile; fileRef = 9012067E89A13FE30ED94A85 /* StatisticsUseCases.swift */; };
		E0AA2A02B4D13E375FC77DD3 /* DefaultDataSeeder.swift in Sources */ = {isa = PBXBuildFile; fileRef = 4DEC797C623BBCFD78660C71 /* DefaultDataSeeder.swift */; };
		E20AF46A8F5C140A2E964294 /* ErrorBanner.swift in Sources */ = {isa = PBXBuildFile; fileRef = F879BE28EAFA4D31B2FE09DC /* ErrorBanner.swift */; };
		E4EB58C86EE66ABE9D60109D /* BudgetMapper.swift in Sources */ = {isa = PBXBuildFile; fileRef = 656B435CBD69AF72EBB502E1 /* BudgetMapper.swift */; };
		E5FF9CFF83F7CC64F62287AD /* CategorySpendingChart.swift in Sources */ = {isa = PBXBuildFile; fileRef = 347B0140971733AE1BC785D0 /* CategorySpendingChart.swift */; };
		E96A849E82ABE5E2949C67D7 /* BudgetProgress+Presentation.swift in Sources */ = {isa = PBXBuildFile; fileRef = 265ECBF9D05060049BF825F4 /* BudgetProgress+Presentation.swift */; };
		E99769412F2F282565ECA8FE /* DashboardSpendingCard.swift in Sources */ = {isa = PBXBuildFile; fileRef = E7A94C261DCD88E9D134F4B4 /* DashboardSpendingCard.swift */; };
		EAE8D54396792A286936C39F /* AuthView.swift in Sources */ = {isa = PBXBuildFile; fileRef = E60A0839C6BC4D144AE0D420 /* AuthView.swift */; };
		EF81A42EE16CC80AE47BD50B /* DashboardBudgetCard.swift in Sources */ = {isa = PBXBuildFile; fileRef = 66A739A7AC23FF3A1C616330 /* DashboardBudgetCard.swift */; };
		EFE1A2C0C9973297681C287C /* TransactionEntity.swift in Sources */ = {isa = PBXBuildFile; fileRef = 182AE31A502FB45B07010A6E /* TransactionEntity.swift */; };
		F44D8AED2A9379A8E25BE563 /* DashboardUseCases.swift in Sources */ = {isa = PBXBuildFile; fileRef = 03C8F98F751F40FA0C590F48 /* DashboardUseCases.swift */; };
		F4E04F4D14684F94C3B80344 /* Budget.swift in Sources */ = {isa = PBXBuildFile; fileRef = 37466357247BD2DB4502DE5C /* Budget.swift */; };
		F7BC786A09A05CF3773FD86A /* ServerIDCodec.swift in Sources */ = {isa = PBXBuildFile; fileRef = AD4511422BCB9EE3A2CF5426 /* ServerIDCodec.swift */; };
		F87F63245293D7CF62A959FC /* TransactionFilterView.swift in Sources */ = {isa = PBXBuildFile; fileRef = 2D6BA61746AB8DD321EC29B6 /* TransactionFilterView.swift */; };
		FCF885587D392D07EFB76DE0 /* CategoryFormView.swift in Sources */ = {isa = PBXBuildFile; fileRef = 9654CB9C1545B2286011F8DC /* CategoryFormView.swift */; };
/* End PBXBuildFile section */

/* Begin PBXContainerItemProxy section */
		952CF8B91CD75732C64C9054 /* PBXContainerItemProxy */ = {
			isa = PBXContainerItemProxy;
			containerPortal = D725EAE87BD53C56C3A694B5 /* Project object */;
			proxyType = 1;
			remoteGlobalIDString = E94BDAD92356EF89ECEE63DE;
			remoteInfo = ExpenseTracker;
		};
/* End PBXContainerItemProxy section */

/* Begin PBXFileReference section */
		0009AFECE7A6FF8DCE35FCED /* CategoryFormViewModel.swift */ = {isa = PBXFileReference; includeInIndex = 1; lastKnownFileType = sourcecode.swift; name = CategoryFormViewModel.swift; path = Presentation/Categories/CategoryFormViewModel.swift; sourceTree = "<group>"; };
		0076342B7C5DC328777089F6 /* DashboardRecentCard.swift */ = {isa = PBXFileReference; includeInIndex = 1; lastKnownFileType = sourcecode.swift; name = DashboardRecentCard.swift; path = Presentation/Dashboard/Components/DashboardRecentCard.swift; sourceTree = "<group>"; };
		02E41169FC8E5BFC6BCFEA67 /* CategoriesViewModel.swift */ = {isa = PBXFileReference; includeInIndex = 1; lastKnownFileType = sourcecode.swift; name = CategoriesViewModel.swift; path = Presentation/Categories/CategoriesViewModel.swift; sourceTree = "<group>"; };
		032197EBD5999818EA33CC60 /* View+AppStyle.swift */ = {isa = PBXFileReference; includeInIndex = 1; lastKnownFileType = sourcecode.swift; name = "View+AppStyle.swift"; path = "Shared/DesignSystem/View+AppStyle.swift"; sourceTree = "<group>"; };
		03C8F98F751F40FA0C590F48 /* DashboardUseCases.swift */ = {isa = PBXFileReference; includeInIndex = 1; lastKnownFileType = sourcecode.swift; name = DashboardUseCases.swift; path = Domain/UseCases/DashboardUseCases.swift; sourceTree = "<group>"; };
		053019B230DEBB062DDC7F40 /* TransactionDaySection.swift */ = {isa = PBXFileReference; includeInIndex = 1; lastKnownFileType = sourcecode.swift; name = TransactionDaySection.swift; path = Presentation/Transactions/Components/TransactionDaySection.swift; sourceTree = "<group>"; };
		066C91F5B3F25557EB2EF37B /* BudgetFormViewModel.swift */ = {isa = PBXFileReference; includeInIndex = 1; lastKnownFileType = sourcecode.swift; name = BudgetFormViewModel.swift; path = Presentation/Budgets/BudgetFormViewModel.swift; sourceTree = "<group>"; };
		08D9438A65A0C6C356AE8A4F /* Sequence+Identifiable.swift */ = {isa = PBXFileReference; includeInIndex = 1; lastKnownFileType = sourcecode.swift; name = "Sequence+Identifiable.swift"; path = "Shared/Extensions/Sequence+Identifiable.swift"; sourceTree = "<group>"; };
		0A3C12C0C31376971F632D6D /* TransactionRepository.swift */ = {isa = PBXFileReference; includeInIndex = 1; lastKnownFileType = sourcecode.swift; name = TransactionRepository.swift; path = Domain/Repositories/TransactionRepository.swift; sourceTree = "<group>"; };
		0C7810141BF19F863E551B46 /* BudgetFormView.swift */ = {isa = PBXFileReference; includeInIndex = 1; lastKnownFileType = sourcecode.swift; name = BudgetFormView.swift; path = Presentation/Budgets/BudgetFormView.swift; sourceTree = "<group>"; };
		0E13B40BFFD4FB39611AF278 /* ViewModelFactory.swift */ = {isa = PBXFileReference; includeInIndex = 1; lastKnownFileType = sourcecode.swift; name = ViewModelFactory.swift; path = Presentation/Shared/ViewModelFactory.swift; sourceTree = "<group>"; };
		1056144112BE150DF796979E /* BudgetsView.swift */ = {isa = PBXFileReference; includeInIndex = 1; lastKnownFileType = sourcecode.swift; name = BudgetsView.swift; path = Presentation/Budgets/BudgetsView.swift; sourceTree = "<group>"; };
		11C57F60CBF6B075C23E8B9F /* ExpenseCategory.swift */ = {isa = PBXFileReference; includeInIndex = 1; lastKnownFileType = sourcecode.swift; name = ExpenseCategory.swift; path = Domain/Entities/ExpenseCategory.swift; sourceTree = "<group>"; };
		11D9217925B14413C4A6C333 /* AccountRepository.swift */ = {isa = PBXFileReference; includeInIndex = 1; lastKnownFileType = sourcecode.swift; name = AccountRepository.swift; path = Domain/Repositories/AccountRepository.swift; sourceTree = "<group>"; };
		173E982E7B224325322512B2 /* AppFormatters.swift */ = {isa = PBXFileReference; includeInIndex = 1; lastKnownFileType = sourcecode.swift; name = AppFormatters.swift; path = Shared/Formatters/AppFormatters.swift; sourceTree = "<group>"; };
		182AE31A502FB45B07010A6E /* TransactionEntity.swift */ = {isa = PBXFileReference; includeInIndex = 1; lastKnownFileType = sourcecode.swift; name = TransactionEntity.swift; path = Data/Local/Models/TransactionEntity.swift; sourceTree = "<group>"; };
		1A79F44E7B13C69B0B50C8D0 /* View+FormToolbar.swift */ = {isa = PBXFileReference; includeInIndex = 1; lastKnownFileType = sourcecode.swift; name = "View+FormToolbar.swift"; path = "Shared/DesignSystem/View+FormToolbar.swift"; sourceTree = "<group>"; };
		2053E03F9FDA4838657E0F52 /* TransactionLocalDataSource.swift */ = {isa = PBXFileReference; includeInIndex = 1; lastKnownFileType = sourcecode.swift; name = TransactionLocalDataSource.swift; path = Data/Local/DataSources/TransactionLocalDataSource.swift; sourceTree = "<group>"; };
		24143118144FA58DDACD2AC8 /* TransactionFormView.swift */ = {isa = PBXFileReference; includeInIndex = 1; lastKnownFileType = sourcecode.swift; name = TransactionFormView.swift; path = Presentation/Transactions/TransactionFormView.swift; sourceTree = "<group>"; };
		2430D0C60BE25AAD120544E3 /* Date+Month.swift */ = {isa = PBXFileReference; includeInIndex = 1; lastKnownFileType = sourcecode.swift; name = "Date+Month.swift"; path = "Shared/Extensions/Date+Month.swift"; sourceTree = "<group>"; };
		25393E75F97F78217DC000EE /* RemoteDateParser.swift */ = {isa = PBXFileReference; includeInIndex = 1; lastKnownFileType = sourcecode.swift; name = RemoteDateParser.swift; path = Data/Remote/RemoteDateParser.swift; sourceTree = "<group>"; };
		265ECBF9D05060049BF825F4 /* BudgetProgress+Presentation.swift */ = {isa = PBXFileReference; includeInIndex = 1; lastKnownFileType = sourcecode.swift; name = "BudgetProgress+Presentation.swift"; path = "Presentation/Shared/Extensions/BudgetProgress+Presentation.swift"; sourceTree = "<group>"; };
		26908023C2EFC125A1FFBE01 /* RemoteAccountRepository.swift */ = {isa = PBXFileReference; includeInIndex = 1; lastKnownFileType = sourcecode.swift; name = RemoteAccountRepository.swift; path = Data/Repositories/RemoteAccountRepository.swift; sourceTree = "<group>"; };
		274844FFAA70C153FB93FA1D /* Account.swift */ = {isa = PBXFileReference; includeInIndex = 1; lastKnownFileType = sourcecode.swift; name = Account.swift; path = Domain/Entities/Account.swift; sourceTree = "<group>"; };
		285735CFD375B6E3084FBB3F /* CategoryEntity.swift */ = {isa = PBXFileReference; includeInIndex = 1; lastKnownFileType = sourcecode.swift; name = CategoryEntity.swift; path = Data/Local/Models/CategoryEntity.swift; sourceTree = "<group>"; };
		292AD61889A1EDB5A9E37C9A /* TransactionListViewModel.swift */ = {isa = PBXFileReference; includeInIndex = 1; lastKnownFileType = sourcecode.swift; name = TransactionListViewModel.swift; path = Presentation/Transactions/TransactionListViewModel.swift; sourceTree = "<group>"; };
		29879D55F258EAF1928090FC /* RemoteErrorMapper.swift */ = {isa = PBXFileReference; includeInIndex = 1; lastKnownFileType = sourcecode.swift; name = RemoteErrorMapper.swift; path = Data/Remote/RemoteErrorMapper.swift; sourceTree = "<group>"; };
		2A2574498BF0372F1FF05294 /* TransactionListView.swift */ = {isa = PBXFileReference; includeInIndex = 1; lastKnownFileType = sourcecode.swift; name = TransactionListView.swift; path = Presentation/Transactions/TransactionListView.swift; sourceTree = "<group>"; };
		2B21786BEA9D7B7010557B66 /* StatisticsView.swift */ = {isa = PBXFileReference; includeInIndex = 1; lastKnownFileType = sourcecode.swift; name = StatisticsView.swift; path = Presentation/Statistics/StatisticsView.swift; sourceTree = "<group>"; };
		2CD823070E005CBC21AE48D3 /* BudgetProgress.swift */ = {isa = PBXFileReference; includeInIndex = 1; lastKnownFileType = sourcecode.swift; name = BudgetProgress.swift; path = Domain/Entities/Statistics/BudgetProgress.swift; sourceTree = "<group>"; };
		2D6BA61746AB8DD321EC29B6 /* TransactionFilterView.swift */ = {isa = PBXFileReference; includeInIndex = 1; lastKnownFileType = sourcecode.swift; name = TransactionFilterView.swift; path = Presentation/Transactions/Components/TransactionFilterView.swift; sourceTree = "<group>"; };
		2EC7EAED6E4F92895F48F08B /* BudgetLocalDataSource.swift */ = {isa = PBXFileReference; includeInIndex = 1; lastKnownFileType = sourcecode.swift; name = BudgetLocalDataSource.swift; path = Data/Local/DataSources/BudgetLocalDataSource.swift; sourceTree = "<group>"; };
		347B0140971733AE1BC785D0 /* CategorySpendingChart.swift */ = {isa = PBXFileReference; includeInIndex = 1; lastKnownFileType = sourcecode.swift; name = CategorySpendingChart.swift; path = Presentation/Statistics/Components/CategorySpendingChart.swift; sourceTree = "<group>"; };
		3481F4F47C6168F6BEF92712 /* PersistenceErrorMapper.swift */ = {isa = PBXFileReference; includeInIndex = 1; lastKnownFileType = sourcecode.swift; name = PersistenceErrorMapper.swift; path = Data/Repositories/PersistenceErrorMapper.swift; sourceTree = "<group>"; };
		34E14A0BDEB14A07545D8BEA /* EmptyStateView.swift */ = {isa = PBXFileReference; includeInIndex = 1; lastKnownFileType = sourcecode.swift; name = EmptyStateView.swift; path = Shared/Components/EmptyStateView.swift; sourceTree = "<group>"; };
		358359E6D37A2A4A0A935BB7 /* SwiftDataLocalDataSource.swift */ = {isa = PBXFileReference; includeInIndex = 1; lastKnownFileType = sourcecode.swift; name = SwiftDataLocalDataSource.swift; path = Data/Local/DataSources/SwiftDataLocalDataSource.swift; sourceTree = "<group>"; };
		35E42F953C90EB024BC376FD /* CategoriesView.swift */ = {isa = PBXFileReference; includeInIndex = 1; lastKnownFileType = sourcecode.swift; name = CategoriesView.swift; path = Presentation/Categories/CategoriesView.swift; sourceTree = "<group>"; };
		362F01A5D760F303DA7F9906 /* TokenStore.swift */ = {isa = PBXFileReference; includeInIndex = 1; lastKnownFileType = sourcecode.swift; name = TokenStore.swift; path = Data/Remote/TokenStore.swift; sourceTree = "<group>"; };
		363B79904C70CFF04951CE9C /* AuthRepository.swift */ = {isa = PBXFileReference; includeInIndex = 1; lastKnownFileType = sourcecode.swift; name = AuthRepository.swift; path = Domain/Repositories/AuthRepository.swift; sourceTree = "<group>"; };
		363CD32A2275F7D415C6139E /* APIModels.swift */ = {isa = PBXFileReference; includeInIndex = 1; lastKnownFileType = sourcecode.swift; name = APIModels.swift; path = Data/Remote/APIModels.swift; sourceTree = "<group>"; };
		37466357247BD2DB4502DE5C /* Budget.swift */ = {isa = PBXFileReference; includeInIndex = 1; lastKnownFileType = sourcecode.swift; name = Budget.swift; path = Domain/Entities/Budget.swift; sourceTree = "<group>"; };
		384FB8E6BC8AEAC436E43E33 /* DashboardViewModel.swift */ = {isa = PBXFileReference; includeInIndex = 1; lastKnownFileType = sourcecode.swift; name = DashboardViewModel.swift; path = Presentation/Dashboard/DashboardViewModel.swift; sourceTree = "<group>"; };
		39611BC412FC6D5AA97F8165 /* Foundation.framework */ = {isa = PBXFileReference; lastKnownFileType = wrapper.framework; name = Foundation.framework; path = Platforms/iPhoneOS.platform/Developer/SDKs/iPhoneOS14.0.sdk/System/Library/Frameworks/Foundation.framework; sourceTree = DEVELOPER_DIR; };
		3C5B1D5DB7EC6E7C06902556 /* TransactionType.swift */ = {isa = PBXFileReference; includeInIndex = 1; lastKnownFileType = sourcecode.swift; name = TransactionType.swift; path = Domain/Entities/TransactionType.swift; sourceTree = "<group>"; };
		4100E04EBAE8930887A2B4E2 /* MonthlyCashFlowCalendar.swift */ = {isa = PBXFileReference; includeInIndex = 1; lastKnownFileType = sourcecode.swift; name = MonthlyCashFlowCalendar.swift; path = Presentation/Statistics/Components/MonthlyCashFlowCalendar.swift; sourceTree = "<group>"; };
		42094F428A1D1206F9A12823 /* AccountFormViewModel.swift */ = {isa = PBXFileReference; includeInIndex = 1; lastKnownFileType = sourcecode.swift; name = AccountFormViewModel.swift; path = Presentation/Accounts/AccountFormViewModel.swift; sourceTree = "<group>"; };
		45C017219764B34EE7D30AAD /* StatisticsSummaryView.swift */ = {isa = PBXFileReference; includeInIndex = 1; lastKnownFileType = sourcecode.swift; name = StatisticsSummaryView.swift; path = Presentation/Statistics/Components/StatisticsSummaryView.swift; sourceTree = "<group>"; };
		480F205D26F097916F742624 /* AccountEntity.swift */ = {isa = PBXFileReference; includeInIndex = 1; lastKnownFileType = sourcecode.swift; name = AccountEntity.swift; path = Data/Local/Models/AccountEntity.swift; sourceTree = "<group>"; };
		4DEC797C623BBCFD78660C71 /* DefaultDataSeeder.swift */ = {isa = PBXFileReference; includeInIndex = 1; lastKnownFileType = sourcecode.swift; name = DefaultDataSeeder.swift; path = App/Bootstrap/DefaultDataSeeder.swift; sourceTree = "<group>"; };
		4FB42383F89E986813AB05A2 /* TransactionRow.swift */ = {isa = PBXFileReference; includeInIndex = 1; lastKnownFileType = sourcecode.swift; name = TransactionRow.swift; path = Presentation/Shared/Components/TransactionRow.swift; sourceTree = "<group>"; };
		5274304AE9C110DAE7AA2A19 /* CategoryMapper.swift */ = {isa = PBXFileReference; includeInIndex = 1; lastKnownFileType = sourcecode.swift; name = CategoryMapper.swift; path = Data/Mappers/CategoryMapper.swift; sourceTree = "<group>"; };
		579F249EBD3AF4DC3C857F95 /* StatisticsViewModel.swift */ = {isa = PBXFileReference; includeInIndex = 1; lastKnownFileType = sourcecode.swift; name = StatisticsViewModel.swift; path = Presentation/Statistics/StatisticsViewModel.swift; sourceTree = "<group>"; };
		5C8678352B9772DD53A8E216 /* ExpenseTracker.app */ = {isa = PBXFileReference; explicitFileType = wrapper.application; includeInIndex = 0; path = ExpenseTracker.app; sourceTree = BUILT_PRODUCTS_DIR; };
		5C96699316632B28FA3D0BED /* TransactionRepositoryImpl.swift */ = {isa = PBXFileReference; includeInIndex = 1; lastKnownFileType = sourcecode.swift; name = TransactionRepositoryImpl.swift; path = Data/Repositories/TransactionRepositoryImpl.swift; sourceTree = "<group>"; };
		5E8FA19DDDA46C056013856F /* CategoryLocalDataSource.swift */ = {isa = PBXFileReference; includeInIndex = 1; lastKnownFileType = sourcecode.swift; name = CategoryLocalDataSource.swift; path = Data/Local/DataSources/CategoryLocalDataSource.swift; sourceTree = "<group>"; };
		5E9F3BD163BD495788708A68 /* DailySpendingChart.swift */ = {isa = PBXFileReference; includeInIndex = 1; lastKnownFileType = sourcecode.swift; name = DailySpendingChart.swift; path = Presentation/Statistics/Components/DailySpendingChart.swift; sourceTree = "<group>"; };
		5EF17F32FE84F8FB93D851AF /* AccountFormView.swift */ = {isa = PBXFileReference; includeInIndex = 1; lastKnownFileType = sourcecode.swift; name = AccountFormView.swift; path = Presentation/Accounts/AccountFormView.swift; sourceTree = "<group>"; };
		60151A4303B522769166F9EB /* DashboardView.swift */ = {isa = PBXFileReference; includeInIndex = 1; lastKnownFileType = sourcecode.swift; name = DashboardView.swift; path = Presentation/Dashboard/DashboardView.swift; sourceTree = "<group>"; };
		6093D8ECB4338B0799CFD8DE /* CategoryRepository.swift */ = {isa = PBXFileReference; includeInIndex = 1; lastKnownFileType = sourcecode.swift; name = CategoryRepository.swift; path = Domain/Repositories/CategoryRepository.swift; sourceTree = "<group>"; };
		6193E79FC98837ECD73CAF88 /* SessionViewModel.swift */ = {isa = PBXFileReference; includeInIndex = 1; lastKnownFileType = sourcecode.swift; name = SessionViewModel.swift; path = Presentation/Auth/SessionViewModel.swift; sourceTree = "<group>"; };
		6569478F1C6F393FA78158F2 /* Assets.xcassets */ = {isa = PBXFileReference; includeInIndex = 1; lastKnownFileType = folder.assetcatalog; name = Assets.xcassets; path = Resources/Assets.xcassets; sourceTree = "<group>"; };
		656B435CBD69AF72EBB502E1 /* BudgetMapper.swift */ = {isa = PBXFileReference; includeInIndex = 1; lastKnownFileType = sourcecode.swift; name = BudgetMapper.swift; path = Data/Mappers/BudgetMapper.swift; sourceTree = "<group>"; };
		66A739A7AC23FF3A1C616330 /* DashboardBudgetCard.swift */ = {isa = PBXFileReference; includeInIndex = 1; lastKnownFileType = sourcecode.swift; name = DashboardBudgetCard.swift; path = Presentation/Dashboard/Components/DashboardBudgetCard.swift; sourceTree = "<group>"; };
		6ABE6A529F7ADC75A119F69A /* TransactionMapper.swift */ = {isa = PBXFileReference; includeInIndex = 1; lastKnownFileType = sourcecode.swift; name = TransactionMapper.swift; path = Data/Mappers/TransactionMapper.swift; sourceTree = "<group>"; };
		6C565FAE07B313FC8EA20849 /* AccountRepositoryImpl.swift */ = {isa = PBXFileReference; includeInIndex = 1; lastKnownFileType = sourcecode.swift; name = AccountRepositoryImpl.swift; path = Data/Repositories/AccountRepositoryImpl.swift; sourceTree = "<group>"; };
		6FCB1AF62006113A1725B6BE /* BudgetEntity.swift */ = {isa = PBXFileReference; includeInIndex = 1; lastKnownFileType = sourcecode.swift; name = BudgetEntity.swift; path = Data/Local/Models/BudgetEntity.swift; sourceTree = "<group>"; };
		74C596E3924E5543EAF8F99A /* AccountsViewModel.swift */ = {isa = PBXFileReference; includeInIndex = 1; lastKnownFileType = sourcecode.swift; name = AccountsViewModel.swift; path = Presentation/Accounts/AccountsViewModel.swift; sourceTree = "<group>"; };
		764D76DB671DDC589ECBBA68 /* DashboardSectionCard.swift */ = {isa = PBXFileReference; includeInIndex = 1; lastKnownFileType = sourcecode.swift; name = DashboardSectionCard.swift; path = Presentation/Dashboard/Components/DashboardSectionCard.swift; sourceTree = "<group>"; };
		7D23E34FBC5019D55E6090DC /* TransactionSort.swift */ = {isa = PBXFileReference; includeInIndex = 1; lastKnownFileType = sourcecode.swift; name = TransactionSort.swift; path = Presentation/Transactions/Models/TransactionSort.swift; sourceTree = "<group>"; };
		805B760E194AF480BCB2D8C8 /* AppTheme.swift */ = {isa = PBXFileReference; includeInIndex = 1; lastKnownFileType = sourcecode.swift; name = AppTheme.swift; path = Shared/DesignSystem/AppTheme.swift; sourceTree = "<group>"; };
		809C8617095C837BD058B8E5 /* ExpenseCategory+Presentation.swift */ = {isa = PBXFileReference; includeInIndex = 1; lastKnownFileType = sourcecode.swift; name = "ExpenseCategory+Presentation.swift"; path = "Presentation/Shared/Extensions/ExpenseCategory+Presentation.swift"; sourceTree = "<group>"; };
		80F4B1374626D6386A2391CC /* SettingsView.swift */ = {isa = PBXFileReference; includeInIndex = 1; lastKnownFileType = sourcecode.swift; name = SettingsView.swift; path = Presentation/Settings/SettingsView.swift; sourceTree = "<group>"; };
		81B63276FE11FF73A653620D /* View+ErrorAlert.swift */ = {isa = PBXFileReference; includeInIndex = 1; lastKnownFileType = sourcecode.swift; name = "View+ErrorAlert.swift"; path = "Shared/DesignSystem/View+ErrorAlert.swift"; sourceTree = "<group>"; };
		843D174E25739ADC6DF220BF /* APIClient.swift */ = {isa = PBXFileReference; includeInIndex = 1; lastKnownFileType = sourcecode.swift; name = APIClient.swift; path = Data/Remote/APIClient.swift; sourceTree = "<group>"; };
		8470413388D790474B8EF006 /* AppSectionHeader.swift */ = {isa = PBXFileReference; includeInIndex = 1; lastKnownFileType = sourcecode.swift; name = AppSectionHeader.swift; path = Shared/Components/AppSectionHeader.swift; sourceTree = "<group>"; };
		8926E67151E1780842323D89 /* DomainError.swift */ = {isa = PBXFileReference; includeInIndex = 1; lastKnownFileType = sourcecode.swift; name = DomainError.swift; path = Domain/Errors/DomainError.swift; sourceTree = "<group>"; };
		9012067E89A13FE30ED94A85 /* StatisticsUseCases.swift */ = {isa = PBXFileReference; includeInIndex = 1; lastKnownFileType = sourcecode.swift; name = StatisticsUseCases.swift; path = Domain/UseCases/StatisticsUseCases.swift; sourceTree = "<group>"; };
		91BD5451114BBCC068D5F65E /* AccountsView.swift */ = {isa = PBXFileReference; includeInIndex = 1; lastKnownFileType = sourcecode.swift; name = AccountsView.swift; path = Presentation/Accounts/AccountsView.swift; sourceTree = "<group>"; };
		926469357570648F895A6315 /* DashboardBalanceCard.swift */ = {isa = PBXFileReference; includeInIndex = 1; lastKnownFileType = sourcecode.swift; name = DashboardBalanceCard.swift; path = Presentation/Dashboard/Components/DashboardBalanceCard.swift; sourceTree = "<group>"; };
		9272AB3F1E52923B72777FE4 /* BudgetUseCases.swift */ = {isa = PBXFileReference; includeInIndex = 1; lastKnownFileType = sourcecode.swift; name = BudgetUseCases.swift; path = Domain/UseCases/BudgetUseCases.swift; sourceTree = "<group>"; };
		9393A6848AA6C5D4EB64701C /* DashboardRepository.swift */ = {isa = PBXFileReference; includeInIndex = 1; lastKnownFileType = sourcecode.swift; name = DashboardRepository.swift; path = Domain/Repositories/DashboardRepository.swift; sourceTree = "<group>"; };
		94E60542925397FF1D943D83 /* ExpenseTrackerApp.swift */ = {isa = PBXFileReference; includeInIndex = 1; lastKnownFileType = sourcecode.swift; name = ExpenseTrackerApp.swift; path = App/ExpenseTrackerApp.swift; sourceTree = "<group>"; };
		9587FCBD352BE29C01807D48 /* Decimal+Double.swift */ = {isa = PBXFileReference; includeInIndex = 1; lastKnownFileType = sourcecode.swift; name = "Decimal+Double.swift"; path = "Shared/Extensions/Decimal+Double.swift"; sourceTree = "<group>"; };
		95D8C5B360770C695A9CBDE1 /* RemoteCategoryRepository.swift */ = {isa = PBXFileReference; includeInIndex = 1; lastKnownFileType = sourcecode.swift; name = RemoteCategoryRepository.swift; path = Data/Repositories/RemoteCategoryRepository.swift; sourceTree = "<group>"; };
		9654CB9C1545B2286011F8DC /* CategoryFormView.swift */ = {isa = PBXFileReference; includeInIndex = 1; lastKnownFileType = sourcecode.swift; name = CategoryFormView.swift; path = Presentation/Categories/CategoryFormView.swift; sourceTree = "<group>"; };
		A40A12BAA6DB75482A08AF46 /* TransactionType+Presentation.swift */ = {isa = PBXFileReference; includeInIndex = 1; lastKnownFileType = sourcecode.swift; name = "TransactionType+Presentation.swift"; path = "Presentation/Shared/Extensions/TransactionType+Presentation.swift"; sourceTree = "<group>"; };
		A6B24B03572821BB957D36A0 /* RootView.swift */ = {isa = PBXFileReference; includeInIndex = 1; lastKnownFileType = sourcecode.swift; name = RootView.swift; path = App/RootView.swift; sourceTree = "<group>"; };
		A95C9C866750A16BB1EED79E /* AccountLocalDataSource.swift */ = {isa = PBXFileReference; includeInIndex = 1; lastKnownFileType = sourcecode.swift; name = AccountLocalDataSource.swift; path = Data/Local/DataSources/AccountLocalDataSource.swift; sourceTree = "<group>"; };
		ABEE313255EABB8CEB8EB064 /* CategorySpending.swift */ = {isa = PBXFileReference; includeInIndex = 1; lastKnownFileType = sourcecode.swift; name = CategorySpending.swift; path = Domain/Entities/Statistics/CategorySpending.swift; sourceTree = "<group>"; };
		AD4511422BCB9EE3A2CF5426 /* ServerIDCodec.swift */ = {isa = PBXFileReference; includeInIndex = 1; lastKnownFileType = sourcecode.swift; name = ServerIDCodec.swift; path = Data/Remote/ServerIDCodec.swift; sourceTree = "<group>"; };
		B102690386EE3015C00379FB /* CategoryUseCases.swift */ = {isa = PBXFileReference; includeInIndex = 1; lastKnownFileType = sourcecode.swift; name = CategoryUseCases.swift; path = Domain/UseCases/CategoryUseCases.swift; sourceTree = "<group>"; };
		B2FF750E0E091824C68F601C /* CategoryRepositoryImpl.swift */ = {isa = PBXFileReference; includeInIndex = 1; lastKnownFileType = sourcecode.swift; name = CategoryRepositoryImpl.swift; path = Data/Repositories/CategoryRepositoryImpl.swift; sourceTree = "<group>"; };
		B4F50BACDB35FDA385131885 /* TransactionUseCases.swift */ = {isa = PBXFileReference; includeInIndex = 1; lastKnownFileType = sourcecode.swift; name = TransactionUseCases.swift; path = Domain/UseCases/TransactionUseCases.swift; sourceTree = "<group>"; };
		B6F43E0A195C33E20AB6E19D /* SettingsRow.swift */ = {isa = PBXFileReference; includeInIndex = 1; lastKnownFileType = sourcecode.swift; name = SettingsRow.swift; path = Presentation/Settings/SettingsRow.swift; sourceTree = "<group>"; };
		B73FC279705E0FDC68B30739 /* DomainUseCaseTests.swift */ = {isa = PBXFileReference; includeInIndex = 1; lastKnownFileType = sourcecode.swift; path = DomainUseCaseTests.swift; sourceTree = "<group>"; };
		B757956E06393E2A1EAB540A /* RemoteMetadataStore.swift */ = {isa = PBXFileReference; includeInIndex = 1; lastKnownFileType = sourcecode.swift; name = RemoteMetadataStore.swift; path = Data/Remote/RemoteMetadataStore.swift; sourceTree = "<group>"; };
		B7D34C884FD966787500B1F3 /* ExpenseTransaction.swift */ = {isa = PBXFileReference; includeInIndex = 1; lastKnownFileType = sourcecode.swift; name = ExpenseTransaction.swift; path = Domain/Entities/ExpenseTransaction.swift; sourceTree = "<group>"; };
		B8069246D123D29E49EC9FDB /* AuthUser.swift */ = {isa = PBXFileReference; includeInIndex = 1; lastKnownFileType = sourcecode.swift; name = AuthUser.swift; path = Domain/Entities/AuthUser.swift; sourceTree = "<group>"; };
		BCEC5C668C83827A4DF72D22 /* PersistenceTests.swift */ = {isa = PBXFileReference; includeInIndex = 1; lastKnownFileType = sourcecode.swift; path = PersistenceTests.swift; sourceTree = "<group>"; };
		BD5D8A0B5028FA23A29DF88A /* AppMetricCard.swift */ = {isa = PBXFileReference; includeInIndex = 1; lastKnownFileType = sourcecode.swift; name = AppMetricCard.swift; path = Shared/Components/AppMetricCard.swift; sourceTree = "<group>"; };
		C10C0E68788B18B9C11EA76A /* BudgetsViewModel.swift */ = {isa = PBXFileReference; includeInIndex = 1; lastKnownFileType = sourcecode.swift; name = BudgetsViewModel.swift; path = Presentation/Budgets/BudgetsViewModel.swift; sourceTree = "<group>"; };
		C2E7C7798FD09EE2AD324321 /* BudgetRepository.swift */ = {isa = PBXFileReference; includeInIndex = 1; lastKnownFileType = sourcecode.swift; name = BudgetRepository.swift; path = Domain/Repositories/BudgetRepository.swift; sourceTree = "<group>"; };
		C50DE0013DC2CE76485B204D /* AuthRepositoryImpl.swift */ = {isa = PBXFileReference; includeInIndex = 1; lastKnownFileType = sourcecode.swift; name = AuthRepositoryImpl.swift; path = Data/Repositories/AuthRepositoryImpl.swift; sourceTree = "<group>"; };
		C8A77033FFCDB3C40F3163A7 /* AuthUseCases.swift */ = {isa = PBXFileReference; includeInIndex = 1; lastKnownFileType = sourcecode.swift; name = AuthUseCases.swift; path = Domain/UseCases/AuthUseCases.swift; sourceTree = "<group>"; };
		C93D6D7321078B9A4799600E /* AppIconBadge.swift */ = {isa = PBXFileReference; includeInIndex = 1; lastKnownFileType = sourcecode.swift; name = AppIconBadge.swift; path = Shared/Components/AppIconBadge.swift; sourceTree = "<group>"; };
		C9FF563225A3C2F6712684D0 /* AccountUseCases.swift */ = {isa = PBXFileReference; includeInIndex = 1; lastKnownFileType = sourcecode.swift; name = AccountUseCases.swift; path = Domain/UseCases/AccountUseCases.swift; sourceTree = "<group>"; };
		D089AD88ED679C1153E81FFF /* DashboardCompactEmptyState.swift */ = {isa = PBXFileReference; includeInIndex = 1; lastKnownFileType = sourcecode.swift; name = DashboardCompactEmptyState.swift; path = Presentation/Dashboard/Components/DashboardCompactEmptyState.swift; sourceTree = "<group>"; };
		D283EE633E85D0C8292B78E1 /* BudgetRow.swift */ = {isa = PBXFileReference; includeInIndex = 1; lastKnownFileType = sourcecode.swift; name = BudgetRow.swift; path = Presentation/Budgets/BudgetRow.swift; sourceTree = "<group>"; };
		DCAFF2977E64AFBB00A412D3 /* AppMetrics.swift */ = {isa = PBXFileReference; includeInIndex = 1; lastKnownFileType = sourcecode.swift; name = AppMetrics.swift; path = Shared/DesignSystem/AppMetrics.swift; sourceTree = "<group>"; };
		DDD0DCC58FC534AF060FD1A0 /* TransactionDayGroup.swift */ = {isa = PBXFileReference; includeInIndex = 1; lastKnownFileType = sourcecode.swift; name = TransactionDayGroup.swift; path = Presentation/Transactions/Models/TransactionDayGroup.swift; sourceTree = "<group>"; };
		DEC55993D07C93DA8E940E5B /* TransactionFormViewModel.swift */ = {isa = PBXFileReference; includeInIndex = 1; lastKnownFileType = sourcecode.swift; name = TransactionFormViewModel.swift; path = Presentation/Transactions/TransactionFormViewModel.swift; sourceTree = "<group>"; };
		DEF9064BD3ADF3B2A19A2BDB /* RemoteDashboardRepository.swift */ = {isa = PBXFileReference; includeInIndex = 1; lastKnownFileType = sourcecode.swift; name = RemoteDashboardRepository.swift; path = Data/Repositories/RemoteDashboardRepository.swift; sourceTree = "<group>"; };
		DF9675C3B3DAC36ADAA34303 /* Error+UserMessage.swift */ = {isa = PBXFileReference; includeInIndex = 1; lastKnownFileType = sourcecode.swift; name = "Error+UserMessage.swift"; path = "Presentation/Shared/Extensions/Error+UserMessage.swift"; sourceTree = "<group>"; };
		DFD74FF23F6251703BC33ACD /* MonthlySummary.swift */ = {isa = PBXFileReference; includeInIndex = 1; lastKnownFileType = sourcecode.swift; name = MonthlySummary.swift; path = Domain/Entities/Statistics/MonthlySummary.swift; sourceTree = "<group>"; };
		E51F6A4C7DA9AF02A2475BC7 /* AppContainer.swift */ = {isa = PBXFileReference; includeInIndex = 1; lastKnownFileType = sourcecode.swift; name = AppContainer.swift; path = App/AppContainer.swift; sourceTree = "<group>"; };
		E5D6736E3CAA5BB0A3C2552C /* RemoteTransactionRepository.swift */ = {isa = PBXFileReference; includeInIndex = 1; lastKnownFileType = sourcecode.swift; name = RemoteTransactionRepository.swift; path = Data/Repositories/RemoteTransactionRepository.swift; sourceTree = "<group>"; };
		E60A0839C6BC4D144AE0D420 /* AuthView.swift */ = {isa = PBXFileReference; includeInIndex = 1; lastKnownFileType = sourcecode.swift; name = AuthView.swift; path = Presentation/Auth/AuthView.swift; sourceTree = "<group>"; };
		E7A6953CFEC3C2A46A7E297D /* AccountMapper.swift */ = {isa = PBXFileReference; includeInIndex = 1; lastKnownFileType = sourcecode.swift; name = AccountMapper.swift; path = Data/Mappers/AccountMapper.swift; sourceTree = "<group>"; };
		E7A94C261DCD88E9D134F4B4 /* DashboardSpendingCard.swift */ = {isa = PBXFileReference; includeInIndex = 1; lastKnownFileType = sourcecode.swift; name = DashboardSpendingCard.swift; path = Presentation/Dashboard/Components/DashboardSpendingCard.swift; sourceTree = "<group>"; };
		EF05030C69C481F5779E833C /* AmountTextField.swift */ = {isa = PBXFileReference; includeInIndex = 1; lastKnownFileType = sourcecode.swift; name = AmountTextField.swift; path = Shared/Components/AmountTextField.swift; sourceTree = "<group>"; };
		EF13B0371D36283ABC45BE80 /* MonthSelector.swift */ = {isa = PBXFileReference; includeInIndex = 1; lastKnownFileType = sourcecode.swift; name = MonthSelector.swift; path = Shared/Components/MonthSelector.swift; sourceTree = "<group>"; };
		F05833899F78E25F0C9CBAA9 /* DashboardSummary.swift */ = {isa = PBXFileReference; includeInIndex = 1; lastKnownFileType = sourcecode.swift; name = DashboardSummary.swift; path = Domain/Entities/DashboardSummary.swift; sourceTree = "<group>"; };
		F11467B2764D55C3305D33C3 /* ViewModelTests.swift */ = {isa = PBXFileReference; includeInIndex = 1; lastKnownFileType = sourcecode.swift; path = ViewModelTests.swift; sourceTree = "<group>"; };
		F879BE28EAFA4D31B2FE09DC /* ErrorBanner.swift */ = {isa = PBXFileReference; includeInIndex = 1; lastKnownFileType = sourcecode.swift; name = ErrorBanner.swift; path = Shared/Components/ErrorBanner.swift; sourceTree = "<group>"; };
		F987DFB968E719E86CE02E24 /* ExpenseTrackerTests.xctest */ = {isa = PBXFileReference; explicitFileType = wrapper.cfbundle; includeInIndex = 0; path = ExpenseTrackerTests.xctest; sourceTree = BUILT_PRODUCTS_DIR; };
		FB6AF550A348DABD5781E4E5 /* BudgetRepositoryImpl.swift */ = {isa = PBXFileReference; includeInIndex = 1; lastKnownFileType = sourcecode.swift; name = BudgetRepositoryImpl.swift; path = Data/Repositories/BudgetRepositoryImpl.swift; sourceTree = "<group>"; };
		FC34067906EB5885C698A9DE /* AppTypography.swift */ = {isa = PBXFileReference; includeInIndex = 1; lastKnownFileType = sourcecode.swift; name = AppTypography.swift; path = Shared/DesignSystem/AppTypography.swift; sourceTree = "<group>"; };
		FD38DB433CEBCB7F40D62604 /* AppContainer+ViewModelFactory.swift */ = {isa = PBXFileReference; includeInIndex = 1; lastKnownFileType = sourcecode.swift; name = "AppContainer+ViewModelFactory.swift"; path = "App/Factories/AppContainer+ViewModelFactory.swift"; sourceTree = "<group>"; };
		FDDB947C4AF645A89CEF60A2 /* DailySpending.swift */ = {isa = PBXFileReference; includeInIndex = 1; lastKnownFileType = sourcecode.swift; name = DailySpending.swift; path = Domain/Entities/Statistics/DailySpending.swift; sourceTree = "<group>"; };
/* End PBXFileReference section */

/* Begin PBXFrameworksBuildPhase section */
		41912012EABAAA467C5791F8 /* Frameworks */ = {
			isa = PBXFrameworksBuildPhase;
			buildActionMask = 2147483647;
			files = (
				213B62C71225603EE72193ED /* Foundation.framework in Frameworks */,
			);
			runOnlyForDeploymentPostprocessing = 0;
		};
		EF4C24654B1DC59D72F4E53D /* Frameworks */ = {
			isa = PBXFrameworksBuildPhase;
			buildActionMask = 2147483647;
			files = (
				618D7D6ADDA9F414619B0574 /* Foundation.framework in Frameworks */,
			);
			runOnlyForDeploymentPostprocessing = 0;
		};
/* End PBXFrameworksBuildPhase section */

/* Begin PBXGroup section */
		0D603ACCDCE0BD56AC4341F0 /* Local */ = {
			isa = PBXGroup;
			children = (
				6775690939AB09550516AA8E /* DataSources */,
				7A9CF26E2410F8E310D8F9F7 /* Models */,
			);
			name = Local;
			sourceTree = "<group>";
		};
		11813B010E91E87ADA0B493A /* ExpenseTracker */ = {
			isa = PBXGroup;
			children = (
				26B1B109AE6D206EE161F65A /* App */,
				6D78205F45CB56E3D5D8139A /* Data */,
				A4D9E17F996A31B8E02BF114 /* Domain */,
				DE5B82E8DB9B3FD731195E16 /* Presentation */,
				D8F8E89884C5C77898351599 /* Resources */,
				399B5FBE646A68B762D72096 /* Shared */,
			);
			name = ExpenseTracker;
			path = ExpenseTracker;
			sourceTree = "<group>";
		};
		11CF9BA3BA06570FE5C1844A /* Extensions */ = {
			isa = PBXGroup;
			children = (
				2430D0C60BE25AAD120544E3 /* Date+Month.swift */,
				9587FCBD352BE29C01807D48 /* Decimal+Double.swift */,
				08D9438A65A0C6C356AE8A4F /* Sequence+Identifiable.swift */,
			);
			name = Extensions;
			sourceTree = "<group>";
		};
		15962D49590340E0FF08A87E /* Components */ = {
			isa = PBXGroup;
			children = (
				347B0140971733AE1BC785D0 /* CategorySpendingChart.swift */,
				5E9F3BD163BD495788708A68 /* DailySpendingChart.swift */,
				4100E04EBAE8930887A2B4E2 /* MonthlyCashFlowCalendar.swift */,
				45C017219764B34EE7D30AAD /* StatisticsSummaryView.swift */,
			);
			name = Components;
			sourceTree = "<group>";
		};
		18C17B27C6D801CFCC2E836C /* Products */ = {
			isa = PBXGroup;
			children = (
				5C8678352B9772DD53A8E216 /* ExpenseTracker.app */,
				F987DFB968E719E86CE02E24 /* ExpenseTrackerTests.xctest */,
			);
			name = Products;
			sourceTree = "<group>";
		};
		18CF7486629018A3DA9D1CB5 /* Transactions */ = {
			isa = PBXGroup;
			children = (
				28D01199D3A4E5E28E403468 /* Components */,
				90454C2727E2414AC5F0D041 /* Models */,
				24143118144FA58DDACD2AC8 /* TransactionFormView.swift */,
				DEC55993D07C93DA8E940E5B /* TransactionFormViewModel.swift */,
				2A2574498BF0372F1FF05294 /* TransactionListView.swift */,
				292AD61889A1EDB5A9E37C9A /* TransactionListViewModel.swift */,
			);
			name = Transactions;
			sourceTree = "<group>";
		};
		1946DB08F6B6F1ACE9B309D0 /* Entities */ = {
			isa = PBXGroup;
			children = (
				274844FFAA70C153FB93FA1D /* Account.swift */,
				F09117465FDF83E1FA1BF132 /* Auth */,
				B8069246D123D29E49EC9FDB /* AuthUser.swift */,
				37466357247BD2DB4502DE5C /* Budget.swift */,
				F05833899F78E25F0C9CBAA9 /* DashboardSummary.swift */,
				11C57F60CBF6B075C23E8B9F /* ExpenseCategory.swift */,
				B7D34C884FD966787500B1F3 /* ExpenseTransaction.swift */,
				637A8C3BD8CEBD9F92C2E078 /* Remote */,
				2B37775332EA9C9B3F607E6F /* Statistics */,
				606C413EDBAC31C200706C12 /* Sync */,
				3C5B1D5DB7EC6E7C06902556 /* TransactionType.swift */,
			);
			name = Entities;
			sourceTree = "<group>";
		};
		25275AB811FEACE31316C617 /* DesignSystem */ = {
			isa = PBXGroup;
			children = (
				DCAFF2977E64AFBB00A412D3 /* AppMetrics.swift */,
				805B760E194AF480BCB2D8C8 /* AppTheme.swift */,
				FC34067906EB5885C698A9DE /* AppTypography.swift */,
				032197EBD5999818EA33CC60 /* View+AppStyle.swift */,
				81B63276FE11FF73A653620D /* View+ErrorAlert.swift */,
				1A79F44E7B13C69B0B50C8D0 /* View+FormToolbar.swift */,
			);
			name = DesignSystem;
			sourceTree = "<group>";
		};
		26B1B109AE6D206EE161F65A /* App */ = {
			isa = PBXGroup;
			children = (
				E51F6A4C7DA9AF02A2475BC7 /* AppContainer.swift */,
				7F244EA3B35CF03EA8E15B23 /* Bootstrap */,
				94E60542925397FF1D943D83 /* ExpenseTrackerApp.swift */,
				CE37E16BF6CE979F7CD8EEDB /* Factories */,
				A6B24B03572821BB957D36A0 /* RootView.swift */,
			);
			name = App;
			sourceTree = "<group>";
		};
		28D01199D3A4E5E28E403468 /* Components */ = {
			isa = PBXGroup;
			children = (
				053019B230DEBB062DDC7F40 /* TransactionDaySection.swift */,
				2D6BA61746AB8DD321EC29B6 /* TransactionFilterView.swift */,
			);
			name = Components;
			sourceTree = "<group>";
		};
		2B37775332EA9C9B3F607E6F /* Statistics */ = {
			isa = PBXGroup;
			children = (
				2CD823070E005CBC21AE48D3 /* BudgetProgress.swift */,
				ABEE313255EABB8CEB8EB064 /* CategorySpending.swift */,
				FDDB947C4AF645A89CEF60A2 /* DailySpending.swift */,
				DFD74FF23F6251703BC33ACD /* MonthlySummary.swift */,
			);
			name = Statistics;
			sourceTree = "<group>";
		};
		2B56BC3BD5B67888C4CA6DBC /* Components */ = {
			isa = PBXGroup;
			children = (
			);
			name = Components;
			sourceTree = "<group>";
		};
		3321D5289DC4183798038BC7 /* Extensions */ = {
			isa = PBXGroup;
			children = (
			);
			name = Extensions;
			sourceTree = "<group>";
		};
		374B51EF2C44B282D529FC44 /* iOS */ = {
			isa = PBXGroup;
			children = (
				39611BC412FC6D5AA97F8165 /* Foundation.framework */,
			);
			name = iOS;
			sourceTree = "<group>";
		};
		399B5FBE646A68B762D72096 /* Shared */ = {
			isa = PBXGroup;
			children = (
				3D1D5A067F791E493BF0B58C /* Components */,
				25275AB811FEACE31316C617 /* DesignSystem */,
				11CF9BA3BA06570FE5C1844A /* Extensions */,
				3ED49E3D3D1B799E5853D350 /* Formatters */,
			);
			name = Shared;
			sourceTree = "<group>";
		};
		3D1D5A067F791E493BF0B58C /* Components */ = {
			isa = PBXGroup;
			children = (
				EF05030C69C481F5779E833C /* AmountTextField.swift */,
				C93D6D7321078B9A4799600E /* AppIconBadge.swift */,
				BD5D8A0B5028FA23A29DF88A /* AppMetricCard.swift */,
				8470413388D790474B8EF006 /* AppSectionHeader.swift */,
				34E14A0BDEB14A07545D8BEA /* EmptyStateView.swift */,
				F879BE28EAFA4D31B2FE09DC /* ErrorBanner.swift */,
				EF13B0371D36283ABC45BE80 /* MonthSelector.swift */,
			);
			name = Components;
			sourceTree = "<group>";
		};
		3ED49E3D3D1B799E5853D350 /* Formatters */ = {
			isa = PBXGroup;
			children = (
				173E982E7B224325322512B2 /* AppFormatters.swift */,
			);
			name = Formatters;
			sourceTree = "<group>";
		};
		3F059A2A04EA10D6096984CA /* Errors */ = {
			isa = PBXGroup;
			children = (
				8926E67151E1780842323D89 /* DomainError.swift */,
			);
			name = Errors;
			sourceTree = "<group>";
		};
		427D2BA95990CE814F6F12B0 /* Components */ = {
			isa = PBXGroup;
			children = (
			);
			name = Components;
			sourceTree = "<group>";
		};
		428974E94DD8B0EB73EE7CA7 /* Repositories */ = {
			isa = PBXGroup;
			children = (
				6C565FAE07B313FC8EA20849 /* AccountRepositoryImpl.swift */,
				C50DE0013DC2CE76485B204D /* AuthRepositoryImpl.swift */,
				FB6AF550A348DABD5781E4E5 /* BudgetRepositoryImpl.swift */,
				B2FF750E0E091824C68F601C /* CategoryRepositoryImpl.swift */,
				3481F4F47C6168F6BEF92712 /* PersistenceErrorMapper.swift */,
				26908023C2EFC125A1FFBE01 /* RemoteAccountRepository.swift */,
				95D8C5B360770C695A9CBDE1 /* RemoteCategoryRepository.swift */,
				DEF9064BD3ADF3B2A19A2BDB /* RemoteDashboardRepository.swift */,
				E5D6736E3CAA5BB0A3C2552C /* RemoteTransactionRepository.swift */,
				5C96699316632B28FA3D0BED /* TransactionRepositoryImpl.swift */,
			);
			name = Repositories;
			sourceTree = "<group>";
		};
		4377D764488242BD44857E4E /* DTOs */ = {
			isa = PBXGroup;
			children = (
			);
			name = DTOs;
			sourceTree = "<group>";
		};
		4DD4B10AA210D2927A722E4A /* Mappers */ = {
			isa = PBXGroup;
			children = (
				E7A6953CFEC3C2A46A7E297D /* AccountMapper.swift */,
				656B435CBD69AF72EBB502E1 /* BudgetMapper.swift */,
				5274304AE9C110DAE7AA2A19 /* CategoryMapper.swift */,
				6ABE6A529F7ADC75A119F69A /* TransactionMapper.swift */,
			);
			name = Mappers;
			sourceTree = "<group>";
		};
		4EB6FA60B26BC50BE9D24B32 /* Categories */ = {
			isa = PBXGroup;
			children = (
				35E42F953C90EB024BC376FD /* CategoriesView.swift */,
				02E41169FC8E5BFC6BCFEA67 /* CategoriesViewModel.swift */,
				9654CB9C1545B2286011F8DC /* CategoryFormView.swift */,
				0009AFECE7A6FF8DCE35FCED /* CategoryFormViewModel.swift */,
			);
			name = Categories;
			sourceTree = "<group>";
		};
		50B702DEBEE13E0A79E2914D /* Accounts */ = {
			isa = PBXGroup;
			children = (
				5EF17F32FE84F8FB93D851AF /* AccountFormView.swift */,
				42094F428A1D1206F9A12823 /* AccountFormViewModel.swift */,
				91BD5451114BBCC068D5F65E /* AccountsView.swift */,
				74C596E3924E5543EAF8F99A /* AccountsViewModel.swift */,
			);
			name = Accounts;
			sourceTree = "<group>";
		};
		5103AAA4B4C5CCF852F30362 /* Extensions */ = {
			isa = PBXGroup;
			children = (
				265ECBF9D05060049BF825F4 /* BudgetProgress+Presentation.swift */,
				DF9675C3B3DAC36ADAA34303 /* Error+UserMessage.swift */,
				809C8617095C837BD058B8E5 /* ExpenseCategory+Presentation.swift */,
				A40A12BAA6DB75482A08AF46 /* TransactionType+Presentation.swift */,
			);
			name = Extensions;
			sourceTree = "<group>";
		};
		5BDF95E9F9F3C0FC1B8F39E0 /* Expense */ = {
			isa = PBXGroup;
			children = (
			);
			name = Expense;
			sourceTree = "<group>";
		};
		5FCA7AD35BC4CB083762FEB9 /* Category */ = {
			isa = PBXGroup;
			children = (
			);
			name = Category;
			sourceTree = "<group>";
		};
		606C413EDBAC31C200706C12 /* Sync */ = {
			isa = PBXGroup;
			children = (
			);
			name = Sync;
			sourceTree = "<group>";
		};
		60C767BC70C2CBD0CC8B322D /* Settings */ = {
			isa = PBXGroup;
			children = (
				B6F43E0A195C33E20AB6E19D /* SettingsRow.swift */,
				80F4B1374626D6386A2391CC /* SettingsView.swift */,
			);
			name = Settings;
			sourceTree = "<group>";
		};
		637A8C3BD8CEBD9F92C2E078 /* Remote */ = {
			isa = PBXGroup;
			children = (
			);
			name = Remote;
			sourceTree = "<group>";
		};
		6775690939AB09550516AA8E /* DataSources */ = {
			isa = PBXGroup;
			children = (
				A95C9C866750A16BB1EED79E /* AccountLocalDataSource.swift */,
				2EC7EAED6E4F92895F48F08B /* BudgetLocalDataSource.swift */,
				5E8FA19DDDA46C056013856F /* CategoryLocalDataSource.swift */,
				358359E6D37A2A4A0A935BB7 /* SwiftDataLocalDataSource.swift */,
				2053E03F9FDA4838657E0F52 /* TransactionLocalDataSource.swift */,
			);
			name = DataSources;
			sourceTree = "<group>";
		};
		688D56325EE605FB15677662 /* Components */ = {
			isa = PBXGroup;
			children = (
				926469357570648F895A6315 /* DashboardBalanceCard.swift */,
				66A739A7AC23FF3A1C616330 /* DashboardBudgetCard.swift */,
				D089AD88ED679C1153E81FFF /* DashboardCompactEmptyState.swift */,
				0076342B7C5DC328777089F6 /* DashboardRecentCard.swift */,
				764D76DB671DDC589ECBBA68 /* DashboardSectionCard.swift */,
				E7A94C261DCD88E9D134F4B4 /* DashboardSpendingCard.swift */,
			);
			name = Components;
			sourceTree = "<group>";
		};
		6D78205F45CB56E3D5D8139A /* Data */ = {
			isa = PBXGroup;
			children = (
				0D603ACCDCE0BD56AC4341F0 /* Local */,
				4DD4B10AA210D2927A722E4A /* Mappers */,
				C9232F562D8CD150C86AD595 /* Remote */,
				428974E94DD8B0EB73EE7CA7 /* Repositories */,
			);
			name = Data;
			sourceTree = "<group>";
		};
		709D95BA23611D63D8613C4F /* Frameworks */ = {
			isa = PBXGroup;
			children = (
				374B51EF2C44B282D529FC44 /* iOS */,
			);
			name = Frameworks;
			sourceTree = "<group>";
		};
		71B68FED8EA316F78EE8FA79 /* Dashboard */ = {
			isa = PBXGroup;
			children = (
				688D56325EE605FB15677662 /* Components */,
				60151A4303B522769166F9EB /* DashboardView.swift */,
				384FB8E6BC8AEAC436E43E33 /* DashboardViewModel.swift */,
			);
			name = Dashboard;
			sourceTree = "<group>";
		};
		7443A5DBE9ADF5579813568C /* Components */ = {
			isa = PBXGroup;
			children = (
				4FB42383F89E986813AB05A2 /* TransactionRow.swift */,
			);
			name = Components;
			sourceTree = "<group>";
		};
		7A9CF26E2410F8E310D8F9F7 /* Models */ = {
			isa = PBXGroup;
			children = (
				480F205D26F097916F742624 /* AccountEntity.swift */,
				6FCB1AF62006113A1725B6BE /* BudgetEntity.swift */,
				285735CFD375B6E3084FBB3F /* CategoryEntity.swift */,
				182AE31A502FB45B07010A6E /* TransactionEntity.swift */,
			);
			name = Models;
			sourceTree = "<group>";
		};
		7DB42F4482CCB304C90BA4E1 /* Auth */ = {
			isa = PBXGroup;
			children = (
			);
			name = Auth;
			sourceTree = "<group>";
		};
		7F244EA3B35CF03EA8E15B23 /* Bootstrap */ = {
			isa = PBXGroup;
			children = (
				4DEC797C623BBCFD78660C71 /* DefaultDataSeeder.swift */,
			);
			name = Bootstrap;
			sourceTree = "<group>";
		};
		830FBF59F93EB52F4FAE820C /* ExpenseTrackerTests */ = {
			isa = PBXGroup;
			children = (
				B73FC279705E0FDC68B30739 /* DomainUseCaseTests.swift */,
				BCEC5C668C83827A4DF72D22 /* PersistenceTests.swift */,
				F11467B2764D55C3305D33C3 /* ViewModelTests.swift */,
			);
			name = ExpenseTrackerTests;
			path = ExpenseTrackerTests;
			sourceTree = "<group>";
		};
		89DA6B0B0C5056A341A59939 /* Sync */ = {
			isa = PBXGroup;
			children = (
				2B56BC3BD5B67888C4CA6DBC /* Components */,
			);
			name = Sync;
			sourceTree = "<group>";
		};
		90454C2727E2414AC5F0D041 /* Models */ = {
			isa = PBXGroup;
			children = (
				DDD0DCC58FC534AF060FD1A0 /* TransactionDayGroup.swift */,
				7D23E34FBC5019D55E6090DC /* TransactionSort.swift */,
			);
			name = Models;
			sourceTree = "<group>";
		};
		98BAD12EC7112C6A83D6FE9A /* Auth */ = {
			isa = PBXGroup;
			children = (
				E60A0839C6BC4D144AE0D420 /* AuthView.swift */,
				427D2BA95990CE814F6F12B0 /* Components */,
				6193E79FC98837ECD73CAF88 /* SessionViewModel.swift */,
			);
			name = Auth;
			sourceTree = "<group>";
		};
		A09FFCBD4D18946F0CE26D5D /* UseCases */ = {
			isa = PBXGroup;
			children = (
				C9FF563225A3C2F6712684D0 /* AccountUseCases.swift */,
				C8A77033FFCDB3C40F3163A7 /* AuthUseCases.swift */,
				9272AB3F1E52923B72777FE4 /* BudgetUseCases.swift */,
				B102690386EE3015C00379FB /* CategoryUseCases.swift */,
				03C8F98F751F40FA0C590F48 /* DashboardUseCases.swift */,
				9012067E89A13FE30ED94A85 /* StatisticsUseCases.swift */,
				B4F50BACDB35FDA385131885 /* TransactionUseCases.swift */,
			);
			name = UseCases;
			sourceTree = "<group>";
		};
		A4D9E17F996A31B8E02BF114 /* Domain */ = {
			isa = PBXGroup;
			children = (
				1946DB08F6B6F1ACE9B309D0 /* Entities */,
				3F059A2A04EA10D6096984CA /* Errors */,
				3321D5289DC4183798038BC7 /* Extensions */,
				C054E1F044BF5BAE62406EA0 /* Repositories */,
				A09FFCBD4D18946F0CE26D5D /* UseCases */,
			);
			name = Domain;
			sourceTree = "<group>";
		};
		C054E1F044BF5BAE62406EA0 /* Repositories */ = {
			isa = PBXGroup;
			children = (
				11D9217925B14413C4A6C333 /* AccountRepository.swift */,
				363B79904C70CFF04951CE9C /* AuthRepository.swift */,
				C2E7C7798FD09EE2AD324321 /* BudgetRepository.swift */,
				6093D8ECB4338B0799CFD8DE /* CategoryRepository.swift */,
				9393A6848AA6C5D4EB64701C /* DashboardRepository.swift */,
				0A3C12C0C31376971F632D6D /* TransactionRepository.swift */,
			);
			name = Repositories;
			sourceTree = "<group>";
		};
		C88ED034FFA6D4411DA02166 /* Budgets */ = {
			isa = PBXGroup;
			children = (
				0C7810141BF19F863E551B46 /* BudgetFormView.swift */,
				066C91F5B3F25557EB2EF37B /* BudgetFormViewModel.swift */,
				D283EE633E85D0C8292B78E1 /* BudgetRow.swift */,
				1056144112BE150DF796979E /* BudgetsView.swift */,
				C10C0E68788B18B9C11EA76A /* BudgetsViewModel.swift */,
			);
			name = Budgets;
			sourceTree = "<group>";
		};
		C9232F562D8CD150C86AD595 /* Remote */ = {
			isa = PBXGroup;
			children = (
				843D174E25739ADC6DF220BF /* APIClient.swift */,
				363CD32A2275F7D415C6139E /* APIModels.swift */,
				7DB42F4482CCB304C90BA4E1 /* Auth */,
				5FCA7AD35BC4CB083762FEB9 /* Category */,
				4377D764488242BD44857E4E /* DTOs */,
				5BDF95E9F9F3C0FC1B8F39E0 /* Expense */,
				25393E75F97F78217DC000EE /* RemoteDateParser.swift */,
				29879D55F258EAF1928090FC /* RemoteErrorMapper.swift */,
				B757956E06393E2A1EAB540A /* RemoteMetadataStore.swift */,
				AD4511422BCB9EE3A2CF5426 /* ServerIDCodec.swift */,
				362F01A5D760F303DA7F9906 /* TokenStore.swift */,
			);
			name = Remote;
			sourceTree = "<group>";
		};
		CE37E16BF6CE979F7CD8EEDB /* Factories */ = {
			isa = PBXGroup;
			children = (
				FD38DB433CEBCB7F40D62604 /* AppContainer+ViewModelFactory.swift */,
			);
			name = Factories;
			sourceTree = "<group>";
		};
		D8F8E89884C5C77898351599 /* Resources */ = {
			isa = PBXGroup;
			children = (
				6569478F1C6F393FA78158F2 /* Assets.xcassets */,
			);
			name = Resources;
			sourceTree = "<group>";
		};
		DAFDDF2DCDB5C92394F6B07C /* Statistics */ = {
			isa = PBXGroup;
			children = (
				15962D49590340E0FF08A87E /* Components */,
				2B21786BEA9D7B7010557B66 /* StatisticsView.swift */,
				579F249EBD3AF4DC3C857F95 /* StatisticsViewModel.swift */,
			);
			name = Statistics;
			sourceTree = "<group>";
		};
		DE5B82E8DB9B3FD731195E16 /* Presentation */ = {
			isa = PBXGroup;
			children = (
				50B702DEBEE13E0A79E2914D /* Accounts */,
				98BAD12EC7112C6A83D6FE9A /* Auth */,
				C88ED034FFA6D4411DA02166 /* Budgets */,
				4EB6FA60B26BC50BE9D24B32 /* Categories */,
				71B68FED8EA316F78EE8FA79 /* Dashboard */,
				60C767BC70C2CBD0CC8B322D /* Settings */,
				EB74D1D983FBE769371F9ADA /* Shared */,
				DAFDDF2DCDB5C92394F6B07C /* Statistics */,
				89DA6B0B0C5056A341A59939 /* Sync */,
				18CF7486629018A3DA9D1CB5 /* Transactions */,
			);
			name = Presentation;
			sourceTree = "<group>";
		};
		EB74D1D983FBE769371F9ADA /* Shared */ = {
			isa = PBXGroup;
			children = (
				7443A5DBE9ADF5579813568C /* Components */,
				5103AAA4B4C5CCF852F30362 /* Extensions */,
				0E13B40BFFD4FB39611AF278 /* ViewModelFactory.swift */,
			);
			name = Shared;
			sourceTree = "<group>";
		};
		F09117465FDF83E1FA1BF132 /* Auth */ = {
			isa = PBXGroup;
			children = (
			);
			name = Auth;
			sourceTree = "<group>";
		};
		FD928B04B281DF77F8D33579 = {
			isa = PBXGroup;
			children = (
				18C17B27C6D801CFCC2E836C /* Products */,
				709D95BA23611D63D8613C4F /* Frameworks */,
				11813B010E91E87ADA0B493A /* ExpenseTracker */,
				830FBF59F93EB52F4FAE820C /* ExpenseTrackerTests */,
			);
			sourceTree = "<group>";
		};
/* End PBXGroup section */

/* Begin PBXNativeTarget section */
		B7A785D63CDD3C134FF33A58 /* ExpenseTrackerTests */ = {
			isa = PBXNativeTarget;
			buildConfigurationList = 0A4CFCDDEA2DDF743FA9769D /* Build configuration list for PBXNativeTarget "ExpenseTrackerTests" */;
			buildPhases = (
				A0CE4FBC663E41541C960313 /* Sources */,
				EF4C24654B1DC59D72F4E53D /* Frameworks */,
				B772E7095870A95ED6F921FD /* Resources */,
			);
			buildRules = (
			);
			dependencies = (
				D61BD4F604032DD3A495AADC /* PBXTargetDependency */,
			);
			name = ExpenseTrackerTests;
			productName = ExpenseTrackerTests;
			productReference = F987DFB968E719E86CE02E24 /* ExpenseTrackerTests.xctest */;
			productType = "com.apple.product-type.bundle.unit-test";
		};
		E94BDAD92356EF89ECEE63DE /* ExpenseTracker */ = {
			isa = PBXNativeTarget;
			buildConfigurationList = 8C3B091371E671C5DF1F9BB7 /* Build configuration list for PBXNativeTarget "ExpenseTracker" */;
			buildPhases = (
				D37CBC215A39778FEE8D013C /* Sources */,
				41912012EABAAA467C5791F8 /* Frameworks */,
				67B7188C690E16581B605172 /* Resources */,
			);
			buildRules = (
			);
			dependencies = (
			);
			name = ExpenseTracker;
			productName = ExpenseTracker;
			productReference = 5C8678352B9772DD53A8E216 /* ExpenseTracker.app */;
			productType = "com.apple.product-type.application";
		};
/* End PBXNativeTarget section */

/* Begin PBXProject section */
		D725EAE87BD53C56C3A694B5 /* Project object */ = {
			isa = PBXProject;
			attributes = {
				LastSwiftUpdateCheck = 1500;
				LastUpgradeCheck = 1500;
			};
			buildConfigurationList = 817DA0778985B500F1CBCB02 /* Build configuration list for PBXProject "ExpenseTracker" */;
			compatibilityVersion = "Xcode 3.2";
			developmentRegion = en;
			hasScannedForEncodings = 0;
			knownRegions = (
				en,
				Base,
			);
			mainGroup = FD928B04B281DF77F8D33579;
			productRefGroup = 18C17B27C6D801CFCC2E836C /* Products */;
			projectDirPath = "";
			projectRoot = "";
			targets = (
				E94BDAD92356EF89ECEE63DE /* ExpenseTracker */,
				B7A785D63CDD3C134FF33A58 /* ExpenseTrackerTests */,
			);
		};
/* End PBXProject section */

/* Begin PBXResourcesBuildPhase section */
		67B7188C690E16581B605172 /* Resources */ = {
			isa = PBXResourcesBuildPhase;
			buildActionMask = 2147483647;
			files = (
				06CD6C858BD67946A18FF5EA /* Assets.xcassets in Resources */,
			);
			runOnlyForDeploymentPostprocessing = 0;
		};
		B772E7095870A95ED6F921FD /* Resources */ = {
			isa = PBXResourcesBuildPhase;
			buildActionMask = 2147483647;
			files = (
			);
			runOnlyForDeploymentPostprocessing = 0;
		};
/* End PBXResourcesBuildPhase section */

/* Begin PBXSourcesBuildPhase section */
		A0CE4FBC663E41541C960313 /* Sources */ = {
			isa = PBXSourcesBuildPhase;
			buildActionMask = 2147483647;
			files = (
				72765DF7B80847C071C32CD4 /* DomainUseCaseTests.swift in Sources */,
				C4E47A833F98010F30651958 /* PersistenceTests.swift in Sources */,
				3E5DC4D9CF64BEC38BDB1989 /* ViewModelTests.swift in Sources */,
			);
			runOnlyForDeploymentPostprocessing = 0;
		};
		D37CBC215A39778FEE8D013C /* Sources */ = {
			isa = PBXSourcesBuildPhase;
			buildActionMask = 2147483647;
			files = (
				C4268BE092B997F18FD7ED82 /* AppContainer.swift in Sources */,
				E0AA2A02B4D13E375FC77DD3 /* DefaultDataSeeder.swift in Sources */,
				C44A8CAFF019CA23DF756B1F /* ExpenseTrackerApp.swift in Sources */,
				7DBC02F7A43C1FCEA1292566 /* AppContainer+ViewModelFactory.swift in Sources */,
				4C820B2D408BE63C6FEA8109 /* RootView.swift in Sources */,
				C1CD82AF971A59D965768536 /* AccountLocalDataSource.swift in Sources */,
				A8D98209B2496EEEC0302AC4 /* BudgetLocalDataSource.swift in Sources */,
				35454673FBFCCCC0B310C522 /* CategoryLocalDataSource.swift in Sources */,
				05D02446BB4344567F835A5F /* SwiftDataLocalDataSource.swift in Sources */,
				9A44848DE66C31AE960DBBE4 /* TransactionLocalDataSource.swift in Sources */,
				5F163C5B5EFDCC03CE50BBCC /* AccountEntity.swift in Sources */,
				A9E29800A2F3912F5517A665 /* BudgetEntity.swift in Sources */,
				217A0E98B2595CE8BC258724 /* CategoryEntity.swift in Sources */,
				EFE1A2C0C9973297681C287C /* TransactionEntity.swift in Sources */,
				1321C3AF116F25DC9C8F30CB /* AccountMapper.swift in Sources */,
				E4EB58C86EE66ABE9D60109D /* BudgetMapper.swift in Sources */,
				0ED3529C26C7C33949AC9FC8 /* CategoryMapper.swift in Sources */,
				18A8D500826CFBF930626AA2 /* TransactionMapper.swift in Sources */,
				4246A0989F9FF385101F6D12 /* APIClient.swift in Sources */,
				4573BC0E357FE922A3840EC0 /* APIModels.swift in Sources */,
				5932D1880085463293CFE6BF /* RemoteDateParser.swift in Sources */,
				5BBC21B33DFD94D88FB05A6E /* RemoteErrorMapper.swift in Sources */,
				A6FCF1122C88D230EBCA74E5 /* RemoteMetadataStore.swift in Sources */,
				F7BC786A09A05CF3773FD86A /* ServerIDCodec.swift in Sources */,
				B9CE2BBB926B69A96DD4E716 /* TokenStore.swift in Sources */,
				BE9D7AE51CA1E244AC88807A /* AccountRepositoryImpl.swift in Sources */,
				924770CB6DC6BC463278B2E6 /* AuthRepositoryImpl.swift in Sources */,
				811E257EC5CED61785C44709 /* BudgetRepositoryImpl.swift in Sources */,
				D56AA754ED5A523F7481B8CD /* CategoryRepositoryImpl.swift in Sources */,
				150C446B81AC864EFDF83919 /* PersistenceErrorMapper.swift in Sources */,
				4937E0FD1AAF681B8EE6F827 /* RemoteAccountRepository.swift in Sources */,
				3A1CFE35BBB48DB398F9A276 /* RemoteCategoryRepository.swift in Sources */,
				CD5076CAF3F7BCE20A6CCF10 /* RemoteDashboardRepository.swift in Sources */,
				83D4570B358A07B2638C4606 /* RemoteTransactionRepository.swift in Sources */,
				6F40AC1F623951F0931DADA9 /* TransactionRepositoryImpl.swift in Sources */,
				D16DF7B6004C33075D843AB8 /* Account.swift in Sources */,
				7538ECFBDA866E89F20EC984 /* AuthUser.swift in Sources */,
				F4E04F4D14684F94C3B80344 /* Budget.swift in Sources */,
				CDC89EE7E8B40BC4D304CD41 /* DashboardSummary.swift in Sources */,
				6896E7CE723135EC213BE38A /* ExpenseCategory.swift in Sources */,
				C778B63661C7F46469C5F156 /* ExpenseTransaction.swift in Sources */,
				3AC0A7928B18ED59ABAC6659 /* BudgetProgress.swift in Sources */,
				CE57E2D46B2669E5CEA0C8D4 /* CategorySpending.swift in Sources */,
				15D299819A373C6E22A6D108 /* DailySpending.swift in Sources */,
				A181A3C9B6101E76CEF76946 /* MonthlySummary.swift in Sources */,
				D13B9D9B61A7B7F98D818FA1 /* TransactionType.swift in Sources */,
				3250334DB201F3018FC43B9D /* DomainError.swift in Sources */,
				7AD6F384D231A9983A30ABB0 /* AccountRepository.swift in Sources */,
				D002E7B7B3C7FBABA6651871 /* AuthRepository.swift in Sources */,
				840CE9EEF8068ED3225E8D7E /* BudgetRepository.swift in Sources */,
				2513910FE6ECF1EA0913A5FB /* CategoryRepository.swift in Sources */,
				1FDEFB1615546BBED50AE3AD /* DashboardRepository.swift in Sources */,
				84161B8896ED2AE80C5D04D2 /* TransactionRepository.swift in Sources */,
				17A05A5B45EE97373EBE77FE /* AccountUseCases.swift in Sources */,
				65ED97A9D0C345C69F1C6794 /* AuthUseCases.swift in Sources */,
				2F6DE9988154878BEDC12C86 /* BudgetUseCases.swift in Sources */,
				B90D59310791CC1956180829 /* CategoryUseCases.swift in Sources */,
				F44D8AED2A9379A8E25BE563 /* DashboardUseCases.swift in Sources */,
				DF5812FAC799858048E17A7E /* StatisticsUseCases.swift in Sources */,
				476E601FEA755ED150B4A1B7 /* TransactionUseCases.swift in Sources */,
				7EB8D443890F4C1B3A6FDCBF /* AccountFormView.swift in Sources */,
				D5D847B2B2F86196F2AEF205 /* AccountFormViewModel.swift in Sources */,
				4F4533CD9B843260D31702A5 /* AccountsView.swift in Sources */,
				83315785E5D74FEA52385766 /* AccountsViewModel.swift in Sources */,
				EAE8D54396792A286936C39F /* AuthView.swift in Sources */,
				B55AA9B8A60988F6A72B8B86 /* SessionViewModel.swift in Sources */,
				853FAC7E5BA4CA7A251E08A8 /* BudgetFormView.swift in Sources */,
				15F63F2A236A010FF216E760 /* BudgetFormViewModel.swift in Sources */,
				8BB035D236B17367B143F771 /* BudgetRow.swift in Sources */,
				35841DBA8796A969239521DA /* BudgetsView.swift in Sources */,
				2DB6E5AFFAA2903E3D77023F /* BudgetsViewModel.swift in Sources */,
				96E273E2F75232150B48CEFB /* CategoriesView.swift in Sources */,
				669B9CC535D3A1CB48BB9975 /* CategoriesViewModel.swift in Sources */,
				FCF885587D392D07EFB76DE0 /* CategoryFormView.swift in Sources */,
				53119416BFE2D3DF150CF3A4 /* CategoryFormViewModel.swift in Sources */,
				CD8AA6AB937D62E68BDB741E /* DashboardBalanceCard.swift in Sources */,
				EF81A42EE16CC80AE47BD50B /* DashboardBudgetCard.swift in Sources */,
				85E390B88BD919B267DD296F /* DashboardCompactEmptyState.swift in Sources */,
				2FC227E2CB9F408FAA44C9C8 /* DashboardRecentCard.swift in Sources */,
				60F64C150A3066FBDBD1B9C2 /* DashboardSectionCard.swift in Sources */,
				E99769412F2F282565ECA8FE /* DashboardSpendingCard.swift in Sources */,
				B115A572D423F60C845A0541 /* DashboardView.swift in Sources */,
				6D32CEE509F3D39C174D88F4 /* DashboardViewModel.swift in Sources */,
				CBB2BD5488CC67DAFCDBDCD6 /* SettingsRow.swift in Sources */,
				2E3A2508B0162B9EABF78F52 /* SettingsView.swift in Sources */,
				8AACE709A90BB7A523D6321D /* TransactionRow.swift in Sources */,
				E96A849E82ABE5E2949C67D7 /* BudgetProgress+Presentation.swift in Sources */,
				64935D9DC37838EA3996FDD0 /* Error+UserMessage.swift in Sources */,
				CD989F1108D543A93677B4A4 /* ExpenseCategory+Presentation.swift in Sources */,
				3F8C0B4F297A3C672EEC9DDC /* TransactionType+Presentation.swift in Sources */,
				1244850372653F1AEC999041 /* ViewModelFactory.swift in Sources */,
				E5FF9CFF83F7CC64F62287AD /* CategorySpendingChart.swift in Sources */,
				0FEDD7BE38621E672908AB5D /* DailySpendingChart.swift in Sources */,
				1EC0CE6328DC7846FEF4EEAE /* MonthlyCashFlowCalendar.swift in Sources */,
				652F0D438A7BE4E2D40312D8 /* StatisticsSummaryView.swift in Sources */,
				0104CB3C09CBD599BEB7DEC6 /* StatisticsView.swift in Sources */,
				66356907EAB5D605A1BD56F6 /* StatisticsViewModel.swift in Sources */,
				12CED9E40BD86DB06E7847E7 /* TransactionDaySection.swift in Sources */,
				F87F63245293D7CF62A959FC /* TransactionFilterView.swift in Sources */,
				DBD1284B30F81CEFD3F0D66B /* TransactionDayGroup.swift in Sources */,
				112FC62A26835380BE7A1731 /* TransactionSort.swift in Sources */,
				CF7F28118731E0877D3E2FEE /* TransactionFormView.swift in Sources */,
				3CDBCC95A0C594FFD1C8D5CA /* TransactionFormViewModel.swift in Sources */,
				A7D4DC75D5CAF045E5A55ABD /* TransactionListView.swift in Sources */,
				6A27ACA9C8FF217AB4A6F00B /* TransactionListViewModel.swift in Sources */,
				07D4DD8023BB39658CFABE0A /* AmountTextField.swift in Sources */,
				98C619BE096FAB801F0F1199 /* AppIconBadge.swift in Sources */,
				2241D1AEEB9F88BC4B4CD520 /* AppMetricCard.swift in Sources */,
				36DD9839B31E31173AF978DF /* AppSectionHeader.swift in Sources */,
				598D2EA4C1C580FC926CE137 /* EmptyStateView.swift in Sources */,
				E20AF46A8F5C140A2E964294 /* ErrorBanner.swift in Sources */,
				566774E60D0656B0A4351776 /* MonthSelector.swift in Sources */,
				8AA0E1897E410205F6E24ED5 /* AppMetrics.swift in Sources */,
				04FC1499563411F0B16E2085 /* AppTheme.swift in Sources */,
				14F0916B41785BBA58A272AC /* AppTypography.swift in Sources */,
				5E34DAB53E85CEBA30FAF041 /* View+AppStyle.swift in Sources */,
				B37F3CAFCB76FBE8F44376E2 /* View+ErrorAlert.swift in Sources */,
				697896F4512C16503418677A /* View+FormToolbar.swift in Sources */,
				61B27157D55569B9D6CE748C /* Date+Month.swift in Sources */,
				4D40150057EBCC623345F816 /* Decimal+Double.swift in Sources */,
				91D39879F98EB92E5B44C15C /* Sequence+Identifiable.swift in Sources */,
				D37E13C20B4B40B714563E83 /* AppFormatters.swift in Sources */,
			);
			runOnlyForDeploymentPostprocessing = 0;
		};
/* End PBXSourcesBuildPhase section */

/* Begin PBXTargetDependency section */
		D61BD4F604032DD3A495AADC /* PBXTargetDependency */ = {
			isa = PBXTargetDependency;
			name = ExpenseTracker;
			target = E94BDAD92356EF89ECEE63DE /* ExpenseTracker */;
			targetProxy = 952CF8B91CD75732C64C9054 /* PBXContainerItemProxy */;
		};
/* End PBXTargetDependency section */

/* Begin XCBuildConfiguration section */
		06C5C86D237608AFDDCCD429 /* Release */ = {
			isa = XCBuildConfiguration;
			buildSettings = {
				BUNDLE_LOADER = "$(TEST_HOST)";
				CLANG_ENABLE_OBJC_WEAK = NO;
				GENERATE_INFOPLIST_FILE = YES;
				IPHONEOS_DEPLOYMENT_TARGET = 17.0;
				PRODUCT_BUNDLE_IDENTIFIER = com.local.ExpenseTrackerTests;
				SDKROOT = iphoneos;
				SWIFT_VERSION = 5.0;
				TEST_HOST = "$(BUILT_PRODUCTS_DIR)/ExpenseTracker.app/$(BUNDLE_EXECUTABLE_FOLDER_PATH)/ExpenseTracker";
				VALIDATE_PRODUCT = YES;
			};
			name = Release;
		};
		1A47D57AEA7472CC4E2044A3 /* Debug */ = {
			isa = XCBuildConfiguration;
			buildSettings = {
				ASSETCATALOG_COMPILER_APPICON_NAME = AppIcon;
				ASSETCATALOG_COMPILER_GLOBAL_ACCENT_COLOR_NAME = AccentColor;
				CLANG_ENABLE_OBJC_WEAK = NO;
				CURRENT_PROJECT_VERSION = 1;
				GENERATE_INFOPLIST_FILE = NO;
				INFOPLIST_FILE = ExpenseTracker/Info.plist;
				IPHONEOS_DEPLOYMENT_TARGET = 17.0;
				LD_RUNPATH_SEARCH_PATHS = "$(inherited) @executable_path/Frameworks";
				MARKETING_VERSION = 1.0;
				PRODUCT_BUNDLE_IDENTIFIER = com.local.ExpenseTracker;
				SDKROOT = iphoneos;
				SWIFT_VERSION = 5.0;
				TARGETED_DEVICE_FAMILY = 1;
			};
			name = Debug;
		};
		3035092DB749E84FAA318743 /* Debug */ = {
			isa = XCBuildConfiguration;
			buildSettings = {
				BUNDLE_LOADER = "$(TEST_HOST)";
				CLANG_ENABLE_OBJC_WEAK = NO;
				GENERATE_INFOPLIST_FILE = YES;
				IPHONEOS_DEPLOYMENT_TARGET = 17.0;
				PRODUCT_BUNDLE_IDENTIFIER = com.local.ExpenseTrackerTests;
				SDKROOT = iphoneos;
				SWIFT_VERSION = 5.0;
				TEST_HOST = "$(BUILT_PRODUCTS_DIR)/ExpenseTracker.app/$(BUNDLE_EXECUTABLE_FOLDER_PATH)/ExpenseTracker";
			};
			name = Debug;
		};
		75049EB383BDDC58DF23EB3F /* Release */ = {
			isa = XCBuildConfiguration;
			buildSettings = {
				ALWAYS_SEARCH_USER_PATHS = NO;
				CLANG_ANALYZER_NONNULL = YES;
				CLANG_ANALYZER_NUMBER_OBJECT_CONVERSION = YES_AGGRESSIVE;
				CLANG_CXX_LANGUAGE_STANDARD = "gnu++14";
				CLANG_CXX_LIBRARY = "libc++";
				CLANG_ENABLE_MODULES = YES;
				CLANG_ENABLE_OBJC_ARC = YES;
				CLANG_ENABLE_OBJC_WEAK = YES;
				CLANG_WARN_BLOCK_CAPTURE_AUTORELEASING = YES;
				CLANG_WARN_BOOL_CONVERSION = YES;
				CLANG_WARN_COMMA = YES;
				CLANG_WARN_CONSTANT_CONVERSION = YES;
				CLANG_WARN_DEPRECATED_OBJC_IMPLEMENTATIONS = YES;
				CLANG_WARN_DIRECT_OBJC_ISA_USAGE = YES_ERROR;
				CLANG_WARN_DOCUMENTATION_COMMENTS = YES;
				CLANG_WARN_EMPTY_BODY = YES;
				CLANG_WARN_ENUM_CONVERSION = YES;
				CLANG_WARN_INFINITE_RECURSION = YES;
				CLANG_WARN_INT_CONVERSION = YES;
				CLANG_WARN_NON_LITERAL_NULL_CONVERSION = YES;
				CLANG_WARN_OBJC_IMPLICIT_RETAIN_SELF = YES;
				CLANG_WARN_OBJC_LITERAL_CONVERSION = YES;
				CLANG_WARN_OBJC_ROOT_CLASS = YES_ERROR;
				CLANG_WARN_QUOTED_INCLUDE_IN_FRAMEWORK_HEADER = YES;
				CLANG_WARN_RANGE_LOOP_ANALYSIS = YES;
				CLANG_WARN_STRICT_PROTOTYPES = YES;
				CLANG_WARN_SUSPICIOUS_MOVE = YES;
				CLANG_WARN_UNGUARDED_AVAILABILITY = YES_AGGRESSIVE;
				CLANG_WARN_UNREACHABLE_CODE = YES;
				CLANG_WARN__DUPLICATE_METHOD_MATCH = YES;
				COPY_PHASE_STRIP = NO;
				DEBUG_INFORMATION_FORMAT = "dwarf-with-dsym";
				ENABLE_NS_ASSERTIONS = NO;
				ENABLE_STRICT_OBJC_MSGSEND = YES;
				GCC_C_LANGUAGE_STANDARD = gnu11;
				GCC_NO_COMMON_BLOCKS = YES;
				GCC_WARN_64_TO_32_BIT_CONVERSION = YES;
				GCC_WARN_ABOUT_RETURN_TYPE = YES_ERROR;
				GCC_WARN_UNDECLARED_SELECTOR = YES;
				GCC_WARN_UNINITIALIZED_AUTOS = YES_AGGRESSIVE;
				GCC_WARN_UNUSED_FUNCTION = YES;
				GCC_WARN_UNUSED_VARIABLE = YES;
				MTL_ENABLE_DEBUG_INFO = NO;
				MTL_FAST_MATH = YES;
				PRODUCT_NAME = "$(TARGET_NAME)";
				SWIFT_COMPILATION_MODE = wholemodule;
				SWIFT_OPTIMIZATION_LEVEL = "-O";
				SWIFT_VERSION = 5.0;
			};
			name = Release;
		};
		9072F2B9F15B9EE2EB157C85 /* Debug */ = {
			isa = XCBuildConfiguration;
			buildSettings = {
				ALWAYS_SEARCH_USER_PATHS = NO;
				CLANG_ANALYZER_NONNULL = YES;
				CLANG_ANALYZER_NUMBER_OBJECT_CONVERSION = YES_AGGRESSIVE;
				CLANG_CXX_LANGUAGE_STANDARD = "gnu++14";
				CLANG_CXX_LIBRARY = "libc++";
				CLANG_ENABLE_MODULES = YES;
				CLANG_ENABLE_OBJC_ARC = YES;
				CLANG_ENABLE_OBJC_WEAK = YES;
				CLANG_WARN_BLOCK_CAPTURE_AUTORELEASING = YES;
				CLANG_WARN_BOOL_CONVERSION = YES;
				CLANG_WARN_COMMA = YES;
				CLANG_WARN_CONSTANT_CONVERSION = YES;
				CLANG_WARN_DEPRECATED_OBJC_IMPLEMENTATIONS = YES;
				CLANG_WARN_DIRECT_OBJC_ISA_USAGE = YES_ERROR;
				CLANG_WARN_DOCUMENTATION_COMMENTS = YES;
				CLANG_WARN_EMPTY_BODY = YES;
				CLANG_WARN_ENUM_CONVERSION = YES;
				CLANG_WARN_INFINITE_RECURSION = YES;
				CLANG_WARN_INT_CONVERSION = YES;
				CLANG_WARN_NON_LITERAL_NULL_CONVERSION = YES;
				CLANG_WARN_OBJC_IMPLICIT_RETAIN_SELF = YES;
				CLANG_WARN_OBJC_LITERAL_CONVERSION = YES;
				CLANG_WARN_OBJC_ROOT_CLASS = YES_ERROR;
				CLANG_WARN_QUOTED_INCLUDE_IN_FRAMEWORK_HEADER = YES;
				CLANG_WARN_RANGE_LOOP_ANALYSIS = YES;
				CLANG_WARN_STRICT_PROTOTYPES = YES;
				CLANG_WARN_SUSPICIOUS_MOVE = YES;
				CLANG_WARN_UNGUARDED_AVAILABILITY = YES_AGGRESSIVE;
				CLANG_WARN_UNREACHABLE_CODE = YES;
				CLANG_WARN__DUPLICATE_METHOD_MATCH = YES;
				COPY_PHASE_STRIP = NO;
				DEBUG_INFORMATION_FORMAT = dwarf;
				ENABLE_STRICT_OBJC_MSGSEND = YES;
				ENABLE_TESTABILITY = YES;
				GCC_C_LANGUAGE_STANDARD = gnu11;
				GCC_DYNAMIC_NO_PIC = NO;
				GCC_NO_COMMON_BLOCKS = YES;
				GCC_OPTIMIZATION_LEVEL = 0;
				GCC_PREPROCESSOR_DEFINITIONS = (
					"DEBUG=1",
					"$(inherited)",
				);
				GCC_WARN_64_TO_32_BIT_CONVERSION = YES;
				GCC_WARN_ABOUT_RETURN_TYPE = YES_ERROR;
				GCC_WARN_UNDECLARED_SELECTOR = YES;
				GCC_WARN_UNINITIALIZED_AUTOS = YES_AGGRESSIVE;
				GCC_WARN_UNUSED_FUNCTION = YES;
				GCC_WARN_UNUSED_VARIABLE = YES;
				MTL_ENABLE_DEBUG_INFO = INCLUDE_SOURCE;
				MTL_FAST_MATH = YES;
				ONLY_ACTIVE_ARCH = YES;
				PRODUCT_NAME = "$(TARGET_NAME)";
				SWIFT_ACTIVE_COMPILATION_CONDITIONS = DEBUG;
				SWIFT_OPTIMIZATION_LEVEL = "-Onone";
				SWIFT_VERSION = 5.0;
			};
			name = Debug;
		};
		953461E282F14248736ACFEB /* Release */ = {
			isa = XCBuildConfiguration;
			buildSettings = {
				ASSETCATALOG_COMPILER_APPICON_NAME = AppIcon;
				ASSETCATALOG_COMPILER_GLOBAL_ACCENT_COLOR_NAME = AccentColor;
				CLANG_ENABLE_OBJC_WEAK = NO;
				CURRENT_PROJECT_VERSION = 1;
				GENERATE_INFOPLIST_FILE = NO;
				INFOPLIST_FILE = ExpenseTracker/Info.plist;
				IPHONEOS_DEPLOYMENT_TARGET = 17.0;
				LD_RUNPATH_SEARCH_PATHS = "$(inherited) @executable_path/Frameworks";
				MARKETING_VERSION = 1.0;
				PRODUCT_BUNDLE_IDENTIFIER = com.local.ExpenseTracker;
				SDKROOT = iphoneos;
				SWIFT_VERSION = 5.0;
				TARGETED_DEVICE_FAMILY = 1;
				VALIDATE_PRODUCT = YES;
			};
			name = Release;
		};
/* End XCBuildConfiguration section */

/* Begin XCConfigurationList section */
		0A4CFCDDEA2DDF743FA9769D /* Build configuration list for PBXNativeTarget "ExpenseTrackerTests" */ = {
			isa = XCConfigurationList;
			buildConfigurations = (
				06C5C86D237608AFDDCCD429 /* Release */,
				3035092DB749E84FAA318743 /* Debug */,
			);
			defaultConfigurationIsVisible = 0;
			defaultConfigurationName = Release;
		};
		817DA0778985B500F1CBCB02 /* Build configuration list for PBXProject "ExpenseTracker" */ = {
			isa = XCConfigurationList;
			buildConfigurations = (
				9072F2B9F15B9EE2EB157C85 /* Debug */,
				75049EB383BDDC58DF23EB3F /* Release */,
			);
			defaultConfigurationIsVisible = 0;
			defaultConfigurationName = Release;
		};
		8C3B091371E671C5DF1F9BB7 /* Build configuration list for PBXNativeTarget "ExpenseTracker" */ = {
			isa = XCConfigurationList;
			buildConfigurations = (
				953461E282F14248736ACFEB /* Release */,
				1A47D57AEA7472CC4E2044A3 /* Debug */,
			);
			defaultConfigurationIsVisible = 0;
			defaultConfigurationName = Release;
		};
/* End XCConfigurationList section */
	};
	rootObject = D725EAE87BD53C56C3A694B5 /* Project object */;
}
